// !$*UTF8*$!
{
	archiveVersion = 1;
	classes = {
	};
	objectVersion = 48;
	objects = {

/* Begin PBXBuildFile section */
		FF74CEA81FDA7CD2002C1077 /* ASPMessageBridge.swift in Sources */ = {isa = PBXBuildFile; fileRef = FF74CEA71FDA7CD2002C1077 /* ASPMessageBridge.swift */; };
		FF74CEAF1FDE618F002C1077 /* HPCalendarDate.swift in Sources */ = {isa = PBXBuildFile; fileRef = FF74CEAE1FDE618F002C1077 /* HPCalendarDate.swift */; };
		FFA3CB011FD698AF00FD8485 /* DemoAppSettings.swift in Sources */ = {isa = PBXBuildFile; fileRef = FFA3CB001FD698AF00FD8485 /* DemoAppSettings.swift */; };
		FFBCB3761FDFB71B00463B84 /* HPCalendarHorizontalLayout.swift in Sources */ = {isa = PBXBuildFile; fileRef = FFBCB3751FDFB71B00463B84 /* HPCalendarHorizontalLayout.swift */; };
		FFBCB3781FDFB7F900463B84 /* HPCalendarView.swift in Sources */ = {isa = PBXBuildFile; fileRef = FFBCB3771FDFB7F900463B84 /* HPCalendarView.swift */; };
		FFBCB37A1FDFBC4400463B84 /* HPCalendarView.xib in Resources */ = {isa = PBXBuildFile; fileRef = FFBCB3791FDFBC4400463B84 /* HPCalendarView.xib */; };
		FFBCB37D1FDFC81A00463B84 /* CollectionViewCell.swift in Sources */ = {isa = PBXBuildFile; fileRef = FFBCB37B1FDFC81A00463B84 /* CollectionViewCell.swift */; };
		FFBCB37E1FDFC81A00463B84 /* CollectionViewCell.xib in Resources */ = {isa = PBXBuildFile; fileRef = FFBCB37C1FDFC81A00463B84 /* CollectionViewCell.xib */; };
		FFC381091FDE7C2200C453D1 /* AnwCalendarViewController.swift in Sources */ = {isa = PBXBuildFile; fileRef = FFC381081FDE7C2200C453D1 /* AnwCalendarViewController.swift */; };
		FFC3810B1FDE819E00C453D1 /* HPNavView.swift in Sources */ = {isa = PBXBuildFile; fileRef = FFC3810A1FDE819E00C453D1 /* HPNavView.swift */; };
		FFF216D81FCFDD6400504088 /* RootViewController.swift in Sources */ = {isa = PBXBuildFile; fileRef = FFF216D71FCFDD6400504088 /* RootViewController.swift */; };
		FFF216DB1FCFE07C00504088 /* MyNavigationController.swift in Sources */ = {isa = PBXBuildFile; fileRef = FFF216DA1FCFE07C00504088 /* MyNavigationController.swift */; };
		FFF216F21FCFEE6D00504088 /* ADKDemoViewController.swift in Sources */ = {isa = PBXBuildFile; fileRef = FFF216EB1FCFED5600504088 /* ADKDemoViewController.swift */; };
		FFF216F31FCFEE7100504088 /* ADKTest2ViewController.swift in Sources */ = {isa = PBXBuildFile; fileRef = FFF216EC1FCFED5600504088 /* ADKTest2ViewController.swift */; };
		FFF216F41FCFEE7700504088 /* ADKStoryboard_phone.storyboard in Resources */ = {isa = PBXBuildFile; fileRef = FFF216ED1FCFED5600504088 /* ADKStoryboard_phone.storyboard */; };
		FFF216F51FCFEE7A00504088 /* ADKSettingConfig.plist in Resources */ = {isa = PBXBuildFile; fileRef = FFF216EE1FCFED5600504088 /* ADKSettingConfig.plist */; };
		FFF216F61FCFEE7C00504088 /* ADKSettingEventHandler.swift in Sources */ = {isa = PBXBuildFile; fileRef = FFF216EF1FCFED5600504088 /* ADKSettingEventHandler.swift */; };
		FFF216F71FCFEE7F00504088 /* ADKTestViewController.swift in Sources */ = {isa = PBXBuildFile; fileRef = FFF216F01FCFED5600504088 /* ADKTestViewController.swift */; };
		FFF216F81FCFEE8100504088 /* ADKRootConfig.plist in Resources */ = {isa = PBXBuildFile; fileRef = FFF216F11FCFED5600504088 /* ADKRootConfig.plist */; };
		FFF216F91FCFEE8600504088 /* ADKSettingViewController.swift in Sources */ = {isa = PBXBuildFile; fileRef = FFF216E11FCFECCE00504088 /* ADKSettingViewController.swift */; };
		FFF216FA1FCFEE8900504088 /* ADKStoryboard_container.storyboard in Resources */ = {isa = PBXBuildFile; fileRef = FFF216E41FCFECCE00504088 /* ADKStoryboard_container.storyboard */; };
		FFF216FB1FCFEE8C00504088 /* guide.html in Resources */ = {isa = PBXBuildFile; fileRef = FFF216E31FCFECCE00504088 /* guide.html */; };
		FFF216FC1FCFEE9000504088 /* ADKGuideViewController.swift in Sources */ = {isa = PBXBuildFile; fileRef = FFF216E51FCFECCE00504088 /* ADKGuideViewController.swift */; };
		FFF216FD1FCFEE9300504088 /* ADKRootViewController.swift in Sources */ = {isa = PBXBuildFile; fileRef = FFF216E61FCFECCE00504088 /* ADKRootViewController.swift */; };
		FFF216FE1FCFEE9600504088 /* ADKFloatingButton.swift in Sources */ = {isa = PBXBuildFile; fileRef = FFF216E71FCFECCE00504088 /* ADKFloatingButton.swift */; };
		FFF216FF1FCFEE9A00504088 /* ADKExtension.swift in Sources */ = {isa = PBXBuildFile; fileRef = FFF216E81FCFECCE00504088 /* ADKExtension.swift */; };
		FFF217001FCFEE9C00504088 /* ADKContext.swift in Sources */ = {isa = PBXBuildFile; fileRef = FFF216E91FCFECCE00504088 /* ADKContext.swift */; };
		FFF217031FCFF9D700504088 /* AnwExts.swift in Sources */ = {isa = PBXBuildFile; fileRef = FFF217021FCFF9D700504088 /* AnwExts.swift */; };
		FFF217071FCFFB5A00504088 /* ASPParentViewController.swift in Sources */ = {isa = PBXBuildFile; fileRef = FFF217061FCFFB5A00504088 /* ASPParentViewController.swift */; };
		FFF217091FD00D3D00504088 /* ASPTopViewController.swift in Sources */ = {isa = PBXBuildFile; fileRef = FFF217081FD00D3D00504088 /* ASPTopViewController.swift */; };
		FFF2170B1FD00D5900504088 /* ASPBottomViewController.swift in Sources */ = {isa = PBXBuildFile; fileRef = FFF2170A1FD00D5900504088 /* ASPBottomViewController.swift */; };
		FFF2170D1FD1477800504088 /* ASPDemoParentViewController.swift in Sources */ = {isa = PBXBuildFile; fileRef = FFF2170C1FD1477800504088 /* ASPDemoParentViewController.swift */; };
		FFF2170F1FD1479300504088 /* ASPDemoTopViewController.swift in Sources */ = {isa = PBXBuildFile; fileRef = FFF2170E1FD1479300504088 /* ASPDemoTopViewController.swift */; };
		FFF217111FD147A100504088 /* ASPDemoBottomViewController.swift in Sources */ = {isa = PBXBuildFile; fileRef = FFF217101FD147A100504088 /* ASPDemoBottomViewController.swift */; };
		FFF6627F1FCFDB97007D30DD /* AppDelegate.swift in Sources */ = {isa = PBXBuildFile; fileRef = FFF6627E1FCFDB97007D30DD /* AppDelegate.swift */; };
		FFF662841FCFDB97007D30DD /* Main.storyboard in Resources */ = {isa = PBXBuildFile; fileRef = FFF662821FCFDB97007D30DD /* Main.storyboard */; };
		FFF662871FCFDB97007D30DD /* HPToolKit.xcdatamodeld in Sources */ = {isa = PBXBuildFile; fileRef = FFF662851FCFDB97007D30DD /* HPToolKit.xcdatamodeld */; };
		FFF662891FCFDB97007D30DD /* Assets.xcassets in Resources */ = {isa = PBXBuildFile; fileRef = FFF662881FCFDB97007D30DD /* Assets.xcassets */; };
		FFF6628C1FCFDB97007D30DD /* LaunchScreen.storyboard in Resources */ = {isa = PBXBuildFile; fileRef = FFF6628A1FCFDB97007D30DD /* LaunchScreen.storyboard */; };
		FFF662971FCFDB97007D30DD /* HPToolKitTests.swift in Sources */ = {isa = PBXBuildFile; fileRef = FFF662961FCFDB97007D30DD /* HPToolKitTests.swift */; };
		FFF662A21FCFDB97007D30DD /* HPToolKitUITests.swift in Sources */ = {isa = PBXBuildFile; fileRef = FFF662A11FCFDB97007D30DD /* HPToolKitUITests.swift */; };
/* End PBXBuildFile section */

/* Begin PBXContainerItemProxy section */
		FFF662931FCFDB97007D30DD /* PBXContainerItemProxy */ = {
			isa = PBXContainerItemProxy;
			containerPortal = FFF662731FCFDB96007D30DD /* Project object */;
			proxyType = 1;
			remoteGlobalIDString = FFF6627A1FCFDB96007D30DD;
			remoteInfo = HPToolKit;
		};
		FFF6629E1FCFDB97007D30DD /* PBXContainerItemProxy */ = {
			isa = PBXContainerItemProxy;
			containerPortal = FFF662731FCFDB96007D30DD /* Project object */;
			proxyType = 1;
			remoteGlobalIDString = FFF6627A1FCFDB96007D30DD;
			remoteInfo = HPToolKit;
		};
/* End PBXContainerItemProxy section */

/* Begin PBXFileReference section */
		FF74CEA71FDA7CD2002C1077 /* ASPMessageBridge.swift */ = {isa = PBXFileReference; lastKnownFileType = sourcecode.swift; path = ASPMessageBridge.swift; sourceTree = "<group>"; };
		FF74CEAE1FDE618F002C1077 /* HPCalendarDate.swift */ = {isa = PBXFileReference; lastKnownFileType = sourcecode.swift; path = HPCalendarDate.swift; sourceTree = "<group>"; };
		FFA3CB001FD698AF00FD8485 /* DemoAppSettings.swift */ = {isa = PBXFileReference; lastKnownFileType = sourcecode.swift; path = DemoAppSettings.swift; sourceTree = "<group>"; };
		FFBCB3751FDFB71B00463B84 /* HPCalendarHorizontalLayout.swift */ = {isa = PBXFileReference; lastKnownFileType = sourcecode.swift; path = HPCalendarHorizontalLayout.swift; sourceTree = "<group>"; };
		FFBCB3771FDFB7F900463B84 /* HPCalendarView.swift */ = {isa = PBXFileReference; lastKnownFileType = sourcecode.swift; path = HPCalendarView.swift; sourceTree = "<group>"; };
		FFBCB3791FDFBC4400463B84 /* HPCalendarView.xib */ = {isa = PBXFileReference; lastKnownFileType = file.xib; path = HPCalendarView.xib; sourceTree = "<group>"; };
		FFBCB37B1FDFC81A00463B84 /* CollectionViewCell.swift */ = {isa = PBXFileReference; lastKnownFileType = sourcecode.swift; path = CollectionViewCell.swift; sourceTree = "<group>"; };
		FFBCB37C1FDFC81A00463B84 /* CollectionViewCell.xib */ = {isa = PBXFileReference; lastKnownFileType = file.xib; path = CollectionViewCell.xib; sourceTree = "<group>"; };
		FFC381081FDE7C2200C453D1 /* AnwCalendarViewController.swift */ = {isa = PBXFileReference; lastKnownFileType = sourcecode.swift; path = AnwCalendarViewController.swift; sourceTree = "<group>"; };
		FFC3810A1FDE819E00C453D1 /* HPNavView.swift */ = {isa = PBXFileReference; lastKnownFileType = sourcecode.swift; path = HPNavView.swift; sourceTree = "<group>"; };
		FFF216D71FCFDD6400504088 /* RootViewController.swift */ = {isa = PBXFileReference; lastKnownFileType = sourcecode.swift; path = RootViewController.swift; sourceTree = "<group>"; };
		FFF216DA1FCFE07C00504088 /* MyNavigationController.swift */ = {isa = PBXFileReference; lastKnownFileType = sourcecode.swift; path = MyNavigationController.swift; sourceTree = "<group>"; };
		FFF216E11FCFECCE00504088 /* ADKSettingViewController.swift */ = {isa = PBXFileReference; lastKnownFileType = sourcecode.swift; path = ADKSettingViewController.swift; sourceTree = "<group>"; };
		FFF216E31FCFECCE00504088 /* guide.html */ = {isa = PBXFileReference; lastKnownFileType = text.html; path = guide.html; sourceTree = "<group>"; };
		FFF216E41FCFECCE00504088 /* ADKStoryboard_container.storyboard */ = {isa = PBXFileReference; lastKnownFileType = file.storyboard; path = ADKStoryboard_container.storyboard; sourceTree = "<group>"; };
		FFF216E51FCFECCE00504088 /* ADKGuideViewController.swift */ = {isa = PBXFileReference; lastKnownFileType = sourcecode.swift; path = ADKGuideViewController.swift; sourceTree = "<group>"; };
		FFF216E61FCFECCE00504088 /* ADKRootViewController.swift */ = {isa = PBXFileReference; lastKnownFileType = sourcecode.swift; path = ADKRootViewController.swift; sourceTree = "<group>"; };
		FFF216E71FCFECCE00504088 /* ADKFloatingButton.swift */ = {isa = PBXFileReference; lastKnownFileType = sourcecode.swift; path = ADKFloatingButton.swift; sourceTree = "<group>"; };
		FFF216E81FCFECCE00504088 /* ADKExtension.swift */ = {isa = PBXFileReference; lastKnownFileType = sourcecode.swift; path = ADKExtension.swift; sourceTree = "<group>"; };
		FFF216E91FCFECCE00504088 /* ADKContext.swift */ = {isa = PBXFileReference; lastKnownFileType = sourcecode.swift; path = ADKContext.swift; sourceTree = "<group>"; };
		FFF216EB1FCFED5600504088 /* ADKDemoViewController.swift */ = {isa = PBXFileReference; lastKnownFileType = sourcecode.swift; path = ADKDemoViewController.swift; sourceTree = "<group>"; };
		FFF216EC1FCFED5600504088 /* ADKTest2ViewController.swift */ = {isa = PBXFileReference; lastKnownFileType = sourcecode.swift; path = ADKTest2ViewController.swift; sourceTree = "<group>"; };
		FFF216ED1FCFED5600504088 /* ADKStoryboard_phone.storyboard */ = {isa = PBXFileReference; lastKnownFileType = file.storyboard; path = ADKStoryboard_phone.storyboard; sourceTree = "<group>"; };
		FFF216EE1FCFED5600504088 /* ADKSettingConfig.plist */ = {isa = PBXFileReference; lastKnownFileType = text.plist.xml; path = ADKSettingConfig.plist; sourceTree = "<group>"; };
		FFF216EF1FCFED5600504088 /* ADKSettingEventHandler.swift */ = {isa = PBXFileReference; lastKnownFileType = sourcecode.swift; path = ADKSettingEventHandler.swift; sourceTree = "<group>"; };
		FFF216F01FCFED5600504088 /* ADKTestViewController.swift */ = {isa = PBXFileReference; lastKnownFileType = sourcecode.swift; path = ADKTestViewController.swift; sourceTree = "<group>"; };
		FFF216F11FCFED5600504088 /* ADKRootConfig.plist */ = {isa = PBXFileReference; lastKnownFileType = text.plist.xml; path = ADKRootConfig.plist; sourceTree = "<group>"; };
		FFF217021FCFF9D700504088 /* AnwExts.swift */ = {isa = PBXFileReference; lastKnownFileType = sourcecode.swift; path = AnwExts.swift; sourceTree = "<group>"; };
		FFF217061FCFFB5A00504088 /* ASPParentViewController.swift */ = {isa = PBXFileReference; lastKnownFileType = sourcecode.swift; path = ASPParentViewController.swift; sourceTree = "<group>"; };
		FFF217081FD00D3D00504088 /* ASPTopViewController.swift */ = {isa = PBXFileReference; lastKnownFileType = sourcecode.swift; path = ASPTopViewController.swift; sourceTree = "<group>"; };
		FFF2170A1FD00D5900504088 /* ASPBottomViewController.swift */ = {isa = PBXFileReference; lastKnownFileType = sourcecode.swift; path = ASPBottomViewController.swift; sourceTree = "<group>"; };
		FFF2170C1FD1477800504088 /* ASPDemoParentViewController.swift */ = {isa = PBXFileReference; lastKnownFileType = sourcecode.swift; path = ASPDemoParentViewController.swift; sourceTree = "<group>"; };
		FFF2170E1FD1479300504088 /* ASPDemoTopViewController.swift */ = {isa = PBXFileReference; lastKnownFileType = sourcecode.swift; path = ASPDemoTopViewController.swift; sourceTree = "<group>"; };
		FFF217101FD147A100504088 /* ASPDemoBottomViewController.swift */ = {isa = PBXFileReference; lastKnownFileType = sourcecode.swift; path = ASPDemoBottomViewController.swift; sourceTree = "<group>"; };
		FFF6627B1FCFDB96007D30DD /* HPToolKit.app */ = {isa = PBXFileReference; explicitFileType = wrapper.application; includeInIndex = 0; path = HPToolKit.app; sourceTree = BUILT_PRODUCTS_DIR; };
		FFF6627E1FCFDB97007D30DD /* AppDelegate.swift */ = {isa = PBXFileReference; lastKnownFileType = sourcecode.swift; path = AppDelegate.swift; sourceTree = "<group>"; };
		FFF662831FCFDB97007D30DD /* Base */ = {isa = PBXFileReference; lastKnownFileType = file.storyboard; name = Base; path = Base.lproj/Main.storyboard; sourceTree = "<group>"; };
		FFF662861FCFDB97007D30DD /* HPToolKit.xcdatamodel */ = {isa = PBXFileReference; lastKnownFileType = wrapper.xcdatamodel; path = HPToolKit.xcdatamodel; sourceTree = "<group>"; };
		FFF662881FCFDB97007D30DD /* Assets.xcassets */ = {isa = PBXFileReference; lastKnownFileType = folder.assetcatalog; path = Assets.xcassets; sourceTree = "<group>"; };
		FFF6628B1FCFDB97007D30DD /* Base */ = {isa = PBXFileReference; lastKnownFileType = file.storyboard; name = Base; path = Base.lproj/LaunchScreen.storyboard; sourceTree = "<group>"; };
		FFF6628D1FCFDB97007D30DD /* Info.plist */ = {isa = PBXFileReference; lastKnownFileType = text.plist.xml; path = Info.plist; sourceTree = "<group>"; };
		FFF662921FCFDB97007D30DD /* HPToolKitTests.xctest */ = {isa = PBXFileReference; explicitFileType = wrapper.cfbundle; includeInIndex = 0; path = HPToolKitTests.xctest; sourceTree = BUILT_PRODUCTS_DIR; };
		FFF662961FCFDB97007D30DD /* HPToolKitTests.swift */ = {isa = PBXFileReference; lastKnownFileType = sourcecode.swift; path = HPToolKitTests.swift; sourceTree = "<group>"; };
		FFF662981FCFDB97007D30DD /* Info.plist */ = {isa = PBXFileReference; lastKnownFileType = text.plist.xml; path = Info.plist; sourceTree = "<group>"; };
		FFF6629D1FCFDB97007D30DD /* HPToolKitUITests.xctest */ = {isa = PBXFileReference; explicitFileType = wrapper.cfbundle; includeInIndex = 0; path = HPToolKitUITests.xctest; sourceTree = BUILT_PRODUCTS_DIR; };
		FFF662A11FCFDB97007D30DD /* HPToolKitUITests.swift */ = {isa = PBXFileReference; lastKnownFileType = sourcecode.swift; path = HPToolKitUITests.swift; sourceTree = "<group>"; };
		FFF662A31FCFDB97007D30DD /* Info.plist */ = {isa = PBXFileReference; lastKnownFileType = text.plist.xml; path = Info.plist; sourceTree = "<group>"; };
/* End PBXFileReference section */

/* Begin PBXFrameworksBuildPhase section */
		FFF662781FCFDB96007D30DD /* Frameworks */ = {
			isa = PBXFrameworksBuildPhase;
			buildActionMask = 2147483647;
			files = (
			);
			runOnlyForDeploymentPostprocessing = 0;
		};
		FFF6628F1FCFDB97007D30DD /* Frameworks */ = {
			isa = PBXFrameworksBuildPhase;
			buildActionMask = 2147483647;
			files = (
			);
			runOnlyForDeploymentPostprocessing = 0;
		};
		FFF6629A1FCFDB97007D30DD /* Frameworks */ = {
			isa = PBXFrameworksBuildPhase;
			buildActionMask = 2147483647;
			files = (
			);
			runOnlyForDeploymentPostprocessing = 0;
		};
/* End PBXFrameworksBuildPhase section */

/* Begin PBXGroup section */
		FF74CEAD1FDE6151002C1077 /* AnwCalendarExt */ = {
			isa = PBXGroup;
			children = (
				FFBCB3751FDFB71B00463B84 /* HPCalendarHorizontalLayout.swift */,
				FF74CEAE1FDE618F002C1077 /* HPCalendarDate.swift */,
				FFBCB3771FDFB7F900463B84 /* HPCalendarView.swift */,
				FFBCB3791FDFBC4400463B84 /* HPCalendarView.xib */,
				FFBCB37B1FDFC81A00463B84 /* CollectionViewCell.swift */,
				FFBCB37C1FDFC81A00463B84 /* CollectionViewCell.xib */,
			);
			path = AnwCalendarExt;
			sourceTree = "<group>";
		};
		FFC381071FDE7C0100C453D1 /* CalendarDemo */ = {
			isa = PBXGroup;
			children = (
				FFC381081FDE7C2200C453D1 /* AnwCalendarViewController.swift */,
			);
			path = CalendarDemo;
			sourceTree = "<group>";
		};
		FFF216DC1FCFE3E400504088 /* Demos */ = {
			isa = PBXGroup;
			children = (
				FFA3CB001FD698AF00FD8485 /* DemoAppSettings.swift */,
				FFC3810A1FDE819E00C453D1 /* HPNavView.swift */,
				FFC381071FDE7C0100C453D1 /* CalendarDemo */,
				FFF217041FCFFB0C00504088 /* SlidePluginDemo */,
				FFF216EA1FCFED5600504088 /* DebugKitDemo */,
			);
			path = Demos;
			sourceTree = "<group>";
		};
		FFF216DD1FCFE3E500504088 /* Plugins */ = {
			isa = PBXGroup;
			children = (
				FF74CEAD1FDE6151002C1077 /* AnwCalendarExt */,
				FFF217051FCFFB2C00504088 /* AnwSlidePlugin */,
				FFF216E01FCFECCE00504088 /* AnwDebugKit */,
			);
			path = Plugins;
			sourceTree = "<group>";
		};
		FFF216E01FCFECCE00504088 /* AnwDebugKit */ = {
			isa = PBXGroup;
			children = (
				FFF216E21FCFECCE00504088 /* resources */,
				FFF216E11FCFECCE00504088 /* ADKSettingViewController.swift */,
				FFF216E51FCFECCE00504088 /* ADKGuideViewController.swift */,
				FFF216E61FCFECCE00504088 /* ADKRootViewController.swift */,
				FFF216E71FCFECCE00504088 /* ADKFloatingButton.swift */,
				FFF216E81FCFECCE00504088 /* ADKExtension.swift */,
				FFF216E91FCFECCE00504088 /* ADKContext.swift */,
			);
			path = AnwDebugKit;
			sourceTree = "<group>";
		};
		FFF216E21FCFECCE00504088 /* resources */ = {
			isa = PBXGroup;
			children = (
				FFF216E31FCFECCE00504088 /* guide.html */,
				FFF216E41FCFECCE00504088 /* ADKStoryboard_container.storyboard */,
			);
			path = resources;
			sourceTree = "<group>";
		};
		FFF216EA1FCFED5600504088 /* DebugKitDemo */ = {
			isa = PBXGroup;
			children = (
				FFF216EB1FCFED5600504088 /* ADKDemoViewController.swift */,
				FFF216EC1FCFED5600504088 /* ADKTest2ViewController.swift */,
				FFF216ED1FCFED5600504088 /* ADKStoryboard_phone.storyboard */,
				FFF216EE1FCFED5600504088 /* ADKSettingConfig.plist */,
				FFF216EF1FCFED5600504088 /* ADKSettingEventHandler.swift */,
				FFF216F01FCFED5600504088 /* ADKTestViewController.swift */,
				FFF216F11FCFED5600504088 /* ADKRootConfig.plist */,
			);
			path = DebugKitDemo;
			sourceTree = "<group>";
		};
		FFF217011FCFF9B300504088 /* Common */ = {
			isa = PBXGroup;
			children = (
				FFF217021FCFF9D700504088 /* AnwExts.swift */,
			);
			path = Common;
			sourceTree = "<group>";
		};
		FFF217041FCFFB0C00504088 /* SlidePluginDemo */ = {
			isa = PBXGroup;
			children = (
				FFF2170C1FD1477800504088 /* ASPDemoParentViewController.swift */,
				FFF2170E1FD1479300504088 /* ASPDemoTopViewController.swift */,
				FFF217101FD147A100504088 /* ASPDemoBottomViewController.swift */,
			);
			path = SlidePluginDemo;
			sourceTree = "<group>";
		};
		FFF217051FCFFB2C00504088 /* AnwSlidePlugin */ = {
			isa = PBXGroup;
			children = (
				FFF217061FCFFB5A00504088 /* ASPParentViewController.swift */,
				FFF217081FD00D3D00504088 /* ASPTopViewController.swift */,
				FFF2170A1FD00D5900504088 /* ASPBottomViewController.swift */,
				FF74CEA71FDA7CD2002C1077 /* ASPMessageBridge.swift */,
			);
			path = AnwSlidePlugin;
			sourceTree = "<group>";
		};
		FFF662721FCFDB96007D30DD = {
			isa = PBXGroup;
			children = (
				FFF6627D1FCFDB97007D30DD /* HPToolKit */,
				FFF662951FCFDB97007D30DD /* HPToolKitTests */,
				FFF662A01FCFDB97007D30DD /* HPToolKitUITests */,
				FFF6627C1FCFDB96007D30DD /* Products */,
			);
			sourceTree = "<group>";
		};
		FFF6627C1FCFDB96007D30DD /* Products */ = {
			isa = PBXGroup;
			children = (
				FFF6627B1FCFDB96007D30DD /* HPToolKit.app */,
				FFF662921FCFDB97007D30DD /* HPToolKitTests.xctest */,
				FFF6629D1FCFDB97007D30DD /* HPToolKitUITests.xctest */,
			);
			name = Products;
			sourceTree = "<group>";
		};
		FFF6627D1FCFDB97007D30DD /* HPToolKit */ = {
			isa = PBXGroup;
			children = (
				FFF217011FCFF9B300504088 /* Common */,
				FFF216DC1FCFE3E400504088 /* Demos */,
				FFF216DD1FCFE3E500504088 /* Plugins */,
				FFF6627E1FCFDB97007D30DD /* AppDelegate.swift */,
				FFF662821FCFDB97007D30DD /* Main.storyboard */,
				FFF662881FCFDB97007D30DD /* Assets.xcassets */,
				FFF6628A1FCFDB97007D30DD /* LaunchScreen.storyboard */,
				FFF6628D1FCFDB97007D30DD /* Info.plist */,
				FFF662851FCFDB97007D30DD /* HPToolKit.xcdatamodeld */,
				FFF216D71FCFDD6400504088 /* RootViewController.swift */,
				FFF216DA1FCFE07C00504088 /* MyNavigationController.swift */,
			);
			path = HPToolKit;
			sourceTree = "<group>";
		};
		FFF662951FCFDB97007D30DD /* HPToolKitTests */ = {
			isa = PBXGroup;
			children = (
				FFF662961FCFDB97007D30DD /* HPToolKitTests.swift */,
				FFF662981FCFDB97007D30DD /* Info.plist */,
			);
			path = HPToolKitTests;
			sourceTree = "<group>";
		};
		FFF662A01FCFDB97007D30DD /* HPToolKitUITests */ = {
			isa = PBXGroup;
			children = (
				FFF662A11FCFDB97007D30DD /* HPToolKitUITests.swift */,
				FFF662A31FCFDB97007D30DD /* Info.plist */,
			);
			path = HPToolKitUITests;
			sourceTree = "<group>";
		};
/* End PBXGroup section */

/* Begin PBXNativeTarget section */
		FFF6627A1FCFDB96007D30DD /* HPToolKit */ = {
			isa = PBXNativeTarget;
			buildConfigurationList = FFF662A61FCFDB97007D30DD /* Build configuration list for PBXNativeTarget "HPToolKit" */;
			buildPhases = (
				FFF662771FCFDB96007D30DD /* Sources */,
				FFF662781FCFDB96007D30DD /* Frameworks */,
				FFF662791FCFDB96007D30DD /* Resources */,
			);
			buildRules = (
			);
			dependencies = (
			);
			name = HPToolKit;
			productName = HPToolKit;
			productReference = FFF6627B1FCFDB96007D30DD /* HPToolKit.app */;
			productType = "com.apple.product-type.application";
		};
		FFF662911FCFDB97007D30DD /* HPToolKitTests */ = {
			isa = PBXNativeTarget;
			buildConfigurationList = FFF662A91FCFDB97007D30DD /* Build configuration list for PBXNativeTarget "HPToolKitTests" */;
			buildPhases = (
				FFF6628E1FCFDB97007D30DD /* Sources */,
				FFF6628F1FCFDB97007D30DD /* Frameworks */,
				FFF662901FCFDB97007D30DD /* Resources */,
			);
			buildRules = (
			);
			dependencies = (
				FFF662941FCFDB97007D30DD /* PBXTargetDependency */,
			);
			name = HPToolKitTests;
			productName = HPToolKitTests;
			productReference = FFF662921FCFDB97007D30DD /* HPToolKitTests.xctest */;
			productType = "com.apple.product-type.bundle.unit-test";
		};
		FFF6629C1FCFDB97007D30DD /* HPToolKitUITests */ = {
			isa = PBXNativeTarget;
			buildConfigurationList = FFF662AC1FCFDB97007D30DD /* Build configuration list for PBXNativeTarget "HPToolKitUITests" */;
			buildPhases = (
				FFF662991FCFDB97007D30DD /* Sources */,
				FFF6629A1FCFDB97007D30DD /* Frameworks */,
				FFF6629B1FCFDB97007D30DD /* Resources */,
			);
			buildRules = (
			);
			dependencies = (
				FFF6629F1FCFDB97007D30DD /* PBXTargetDependency */,
			);
			name = HPToolKitUITests;
			productName = HPToolKitUITests;
			productReference = FFF6629D1FCFDB97007D30DD /* HPToolKitUITests.xctest */;
			productType = "com.apple.product-type.bundle.ui-testing";
		};
/* End PBXNativeTarget section */

/* Begin PBXProject section */
		FFF662731FCFDB96007D30DD /* Project object */ = {
			isa = PBXProject;
			attributes = {
				LastSwiftUpdateCheck = 0900;
				LastUpgradeCheck = 0900;
				ORGANIZATIONNAME = "Hu, Peng";
				TargetAttributes = {
					FFF6627A1FCFDB96007D30DD = {
						CreatedOnToolsVersion = 9.0;
						ProvisioningStyle = Automatic;
					};
					FFF662911FCFDB97007D30DD = {
						CreatedOnToolsVersion = 9.0;
						ProvisioningStyle = Automatic;
						TestTargetID = FFF6627A1FCFDB96007D30DD;
					};
					FFF6629C1FCFDB97007D30DD = {
						CreatedOnToolsVersion = 9.0;
						ProvisioningStyle = Automatic;
						TestTargetID = FFF6627A1FCFDB96007D30DD;
					};
				};
			};
			buildConfigurationList = FFF662761FCFDB96007D30DD /* Build configuration list for PBXProject "HPToolKit" */;
			compatibilityVersion = "Xcode 8.0";
			developmentRegion = en;
			hasScannedForEncodings = 0;
			knownRegions = (
				en,
				Base,
			);
			mainGroup = FFF662721FCFDB96007D30DD;
			productRefGroup = FFF6627C1FCFDB96007D30DD /* Products */;
			projectDirPath = "";
			projectRoot = "";
			targets = (
				FFF6627A1FCFDB96007D30DD /* HPToolKit */,
				FFF662911FCFDB97007D30DD /* HPToolKitTests */,
				FFF6629C1FCFDB97007D30DD /* HPToolKitUITests */,
			);
		};
/* End PBXProject section */

/* Begin PBXResourcesBuildPhase section */
		FFF662791FCFDB96007D30DD /* Resources */ = {
			isa = PBXResourcesBuildPhase;
			buildActionMask = 2147483647;
			files = (
				FFF216FA1FCFEE8900504088 /* ADKStoryboard_container.storyboard in Resources */,
				FFF6628C1FCFDB97007D30DD /* LaunchScreen.storyboard in Resources */,
				FFF216F81FCFEE8100504088 /* ADKRootConfig.plist in Resources */,
				FFF216FB1FCFEE8C00504088 /* guide.html in Resources */,
				FFBCB37E1FDFC81A00463B84 /* CollectionViewCell.xib in Resources */,
				FFF662891FCFDB97007D30DD /* Assets.xcassets in Resources */,
				FFF662841FCFDB97007D30DD /* Main.storyboard in Resources */,
				FFF216F51FCFEE7A00504088 /* ADKSettingConfig.plist in Resources */,
				FFF216F41FCFEE7700504088 /* ADKStoryboard_phone.storyboard in Resources */,
				FFBCB37A1FDFBC4400463B84 /* HPCalendarView.xib in Resources */,
			);
			runOnlyForDeploymentPostprocessing = 0;
		};
		FFF662901FCFDB97007D30DD /* Resources */ = {
			isa = PBXResourcesBuildPhase;
			buildActionMask = 2147483647;
			files = (
			);
			runOnlyForDeploymentPostprocessing = 0;
		};
		FFF6629B1FCFDB97007D30DD /* Resources */ = {
			isa = PBXResourcesBuildPhase;
			buildActionMask = 2147483647;
			files = (
			);
			runOnlyForDeploymentPostprocessing = 0;
		};
/* End PBXResourcesBuildPhase section */

/* Begin PBXSourcesBuildPhase section */
		FFF662771FCFDB96007D30DD /* Sources */ = {
			isa = PBXSourcesBuildPhase;
			buildActionMask = 2147483647;
			files = (
				FFA3CB011FD698AF00FD8485 /* DemoAppSettings.swift in Sources */,
				FF74CEA81FDA7CD2002C1077 /* ASPMessageBridge.swift in Sources */,
				FFF216F91FCFEE8600504088 /* ADKSettingViewController.swift in Sources */,
				FFF217091FD00D3D00504088 /* ASPTopViewController.swift in Sources */,
				FFBCB3781FDFB7F900463B84 /* HPCalendarView.swift in Sources */,
				FFF662871FCFDB97007D30DD /* HPToolKit.xcdatamodeld in Sources */,
				FFF216FD1FCFEE9300504088 /* ADKRootViewController.swift in Sources */,
				FFF216DB1FCFE07C00504088 /* MyNavigationController.swift in Sources */,
				FFF217031FCFF9D700504088 /* AnwExts.swift in Sources */,
				FFF217071FCFFB5A00504088 /* ASPParentViewController.swift in Sources */,
				FFF6627F1FCFDB97007D30DD /* AppDelegate.swift in Sources */,
				FFF2170F1FD1479300504088 /* ASPDemoTopViewController.swift in Sources */,
				FFF2170B1FD00D5900504088 /* ASPBottomViewController.swift in Sources */,
				FFF216FF1FCFEE9A00504088 /* ADKExtension.swift in Sources */,
				FFBCB3761FDFB71B00463B84 /* HPCalendarHorizontalLayout.swift in Sources */,
				FFF216F61FCFEE7C00504088 /* ADKSettingEventHandler.swift in Sources */,
				FFF216D81FCFDD6400504088 /* RootViewController.swift in Sources */,
				FFF216F71FCFEE7F00504088 /* ADKTestViewController.swift in Sources */,
				FFBCB37D1FDFC81A00463B84 /* CollectionViewCell.swift in Sources */,
				FFF216F31FCFEE7100504088 /* ADKTest2ViewController.swift in Sources */,
				FFF217001FCFEE9C00504088 /* ADKContext.swift in Sources */,
				FFC381091FDE7C2200C453D1 /* AnwCalendarViewController.swift in Sources */,
				FFF217111FD147A100504088 /* ASPDemoBottomViewController.swift in Sources */,
				FFF216FC1FCFEE9000504088 /* ADKGuideViewController.swift in Sources */,
				FFF216FE1FCFEE9600504088 /* ADKFloatingButton.swift in Sources */,
				FF74CEAF1FDE618F002C1077 /* HPCalendarDate.swift in Sources */,
				FFF2170D1FD1477800504088 /* ASPDemoParentViewController.swift in Sources */,
				FFC3810B1FDE819E00C453D1 /* HPNavView.swift in Sources */,
				FFF216F21FCFEE6D00504088 /* ADKDemoViewController.swift in Sources */,
			);
			runOnlyForDeploymentPostprocessing = 0;
		};
		FFF6628E1FCFDB97007D30DD /* Sources */ = {
			isa = PBXSourcesBuildPhase;
			buildActionMask = 2147483647;
			files = (
				FFF662971FCFDB97007D30DD /* HPToolKitTests.swift in Sources */,
			);
			runOnlyForDeploymentPostprocessing = 0;
		};
		FFF662991FCFDB97007D30DD /* Sources */ = {
			isa = PBXSourcesBuildPhase;
			buildActionMask = 2147483647;
			files = (
				FFF662A21FCFDB97007D30DD /* HPToolKitUITests.swift in Sources */,
			);
			runOnlyForDeploymentPostprocessing = 0;
		};
/* End PBXSourcesBuildPhase section */

/* Begin PBXTargetDependency section */
		FFF662941FCFDB97007D30DD /* PBXTargetDependency */ = {
			isa = PBXTargetDependency;
			target = FFF6627A1FCFDB96007D30DD /* HPToolKit */;
			targetProxy = FFF662931FCFDB97007D30DD /* PBXContainerItemProxy */;
		};
		FFF6629F1FCFDB97007D30DD /* PBXTargetDependency */ = {
			isa = PBXTargetDependency;
			target = FFF6627A1FCFDB96007D30DD /* HPToolKit */;
			targetProxy = FFF6629E1FCFDB97007D30DD /* PBXContainerItemProxy */;
		};
/* End PBXTargetDependency section */

/* Begin PBXVariantGroup section */
		FFF662821FCFDB97007D30DD /* Main.storyboard */ = {
			isa = PBXVariantGroup;
			children = (
				FFF662831FCFDB97007D30DD /* Base */,
			);
			name = Main.storyboard;
			sourceTree = "<group>";
		};
		FFF6628A1FCFDB97007D30DD /* LaunchScreen.storyboard */ = {
			isa = PBXVariantGroup;
			children = (
				FFF6628B1FCFDB97007D30DD /* Base */,
			);
			name = LaunchScreen.storyboard;
			sourceTree = "<group>";
		};
/* End PBXVariantGroup section */

/* Begin XCBuildConfiguration section */
		FFF662A41FCFDB97007D30DD /* Debug */ = {
			isa = XCBuildConfiguration;
			buildSettings = {
				ALWAYS_SEARCH_USER_PATHS = NO;
				CLANG_ANALYZER_NONNULL = YES;
				CLANG_ANALYZER_NUMBER_OBJECT_CONVERSION = YES_AGGRESSIVE;
				CLANG_CXX_LANGUAGE_STANDARD = "gnu++14";
				CLANG_CXX_LIBRARY = "libc++";
				CLANG_ENABLE_MODULES = YES;
				CLANG_ENABLE_OBJC_ARC = YES;
				CLANG_WARN_BLOCK_CAPTURE_AUTORELEASING = YES;
				CLANG_WARN_BOOL_CONVERSION = YES;
				CLANG_WARN_COMMA = YES;
				CLANG_WARN_CONSTANT_CONVERSION = YES;
				CLANG_WARN_DIRECT_OBJC_ISA_USAGE = YES_ERROR;
				CLANG_WARN_DOCUMENTATION_COMMENTS = YES;
				CLANG_WARN_EMPTY_BODY = YES;
				CLANG_WARN_ENUM_CONVERSION = YES;
				CLANG_WARN_INFINITE_RECURSION = YES;
				CLANG_WARN_INT_CONVERSION = YES;
				CLANG_WARN_NON_LITERAL_NULL_CONVERSION = YES;
				CLANG_WARN_OBJC_LITERAL_CONVERSION = YES;
				CLANG_WARN_OBJC_ROOT_CLASS = YES_ERROR;
				CLANG_WARN_RANGE_LOOP_ANALYSIS = YES;
				CLANG_WARN_STRICT_PROTOTYPES = YES;
				CLANG_WARN_SUSPICIOUS_MOVE = YES;
				CLANG_WARN_UNGUARDED_AVAILABILITY = YES_AGGRESSIVE;
				CLANG_WARN_UNREACHABLE_CODE = YES;
				CLANG_WARN__DUPLICATE_METHOD_MATCH = YES;
				CODE_SIGN_IDENTITY = "iPhone Developer";
				COPY_PHASE_STRIP = NO;
				DEBUG_INFORMATION_FORMAT = dwarf;
				ENABLE_STRICT_OBJC_MSGSEND = YES;
				ENABLE_TESTABILITY = YES;
				GCC_C_LANGUAGE_STANDARD = gnu11;
				GCC_DYNAMIC_NO_PIC = NO;
				GCC_NO_COMMON_BLOCKS = YES;
				GCC_OPTIMIZATION_LEVEL = 0;
				GCC_PREPROCESSOR_DEFINITIONS = (
					"DEBUG=1",
					"$(inherited)",
				);
				GCC_WARN_64_TO_32_BIT_CONVERSION = YES;
				GCC_WARN_ABOUT_RETURN_TYPE = YES_ERROR;
				GCC_WARN_UNDECLARED_SELECTOR = YES;
				GCC_WARN_UNINITIALIZED_AUTOS = YES_AGGRESSIVE;
				GCC_WARN_UNUSED_FUNCTION = YES;
				GCC_WARN_UNUSED_VARIABLE = YES;
				IPHONEOS_DEPLOYMENT_TARGET = 11.0;
				MTL_ENABLE_DEBUG_INFO = YES;
				ONLY_ACTIVE_ARCH = YES;
				SDKROOT = iphoneos;
				SWIFT_ACTIVE_COMPILATION_CONDITIONS = DEBUG;
				SWIFT_OPTIMIZATION_LEVEL = "-Onone";
			};
			name = Debug;
		};
		FFF662A51FCFDB97007D30DD /* Release */ = {
			isa = XCBuildConfiguration;
			buildSettings = {
				ALWAYS_SEARCH_USER_PATHS = NO;
				CLANG_ANALYZER_NONNULL = YES;
				CLANG_ANALYZER_NUMBER_OBJECT_CONVERSION = YES_AGGRESSIVE;
				CLANG_CXX_LANGUAGE_STANDARD = "gnu++14";
				CLANG_CXX_LIBRARY = "libc++";
				CLANG_ENABLE_MODULES = YES;
				CLANG_ENABLE_OBJC_ARC = YES;
				CLANG_WARN_BLOCK_CAPTURE_AUTORELEASING = YES;
				CLANG_WARN_BOOL_CONVERSION = YES;
				CLANG_WARN_COMMA = YES;
				CLANG_WARN_CONSTANT_CONVERSION = YES;
				CLANG_WARN_DIRECT_OBJC_ISA_USAGE = YES_ERROR;
				CLANG_WARN_DOCUMENTATION_COMMENTS = YES;
				CLANG_WARN_EMPTY_BODY = YES;
				CLANG_WARN_ENUM_CONVERSION = YES;
				CLANG_WARN_INFINITE_RECURSION = YES;
				CLANG_WARN_INT_CONVERSION = YES;
				CLANG_WARN_NON_LITERAL_NULL_CONVERSION = YES;
				CLANG_WARN_OBJC_LITERAL_CONVERSION = YES;
				CLANG_WARN_OBJC_ROOT_CLASS = YES_ERROR;
				CLANG_WARN_RANGE_LOOP_ANALYSIS = YES;
				CLANG_WARN_STRICT_PROTOTYPES = YES;
				CLANG_WARN_SUSPICIOUS_MOVE = YES;
				CLANG_WARN_UNGUARDED_AVAILABILITY = YES_AGGRESSIVE;
				CLANG_WARN_UNREACHABLE_CODE = YES;
				CLANG_WARN__DUPLICATE_METHOD_MATCH = YES;
				CODE_SIGN_IDENTITY = "iPhone Developer";
				COPY_PHASE_STRIP = NO;
				DEBUG_INFORMATION_FORMAT = "dwarf-with-dsym";
				ENABLE_NS_ASSERTIONS = NO;
				ENABLE_STRICT_OBJC_MSGSEND = YES;
				GCC_C_LANGUAGE_STANDARD = gnu11;
				GCC_NO_COMMON_BLOCKS = YES;
				GCC_WARN_64_TO_32_BIT_CONVERSION = YES;
				GCC_WARN_ABOUT_RETURN_TYPE = YES_ERROR;
				GCC_WARN_UNDECLARED_SELECTOR = YES;
				GCC_WARN_UNINITIALIZED_AUTOS = YES_AGGRESSIVE;
				GCC_WARN_UNUSED_FUNCTION = YES;
				GCC_WARN_UNUSED_VARIABLE = YES;
				IPHONEOS_DEPLOYMENT_TARGET = 11.0;
				MTL_ENABLE_DEBUG_INFO = NO;
				SDKROOT = iphoneos;
				SWIFT_OPTIMIZATION_LEVEL = "-Owholemodule";
				VALIDATE_PRODUCT = YES;
			};
			name = Release;
		};
		FFF662A71FCFDB97007D30DD /* Debug */ = {
			isa = XCBuildConfiguration;
			buildSettings = {
				ASSETCATALOG_COMPILER_APPICON_NAME = AppIcon;
				CODE_SIGN_STYLE = Automatic;
				DEVELOPMENT_TEAM = 8ZXHY2B6NF;
				INFOPLIST_FILE = HPToolKit/Info.plist;
				LD_RUNPATH_SEARCH_PATHS = "$(inherited) @executable_path/Frameworks";
				PRODUCT_BUNDLE_IDENTIFIER = Personal.HPToolKit;
				PRODUCT_NAME = "$(TARGET_NAME)";
				SWIFT_VERSION = 4.0;
				TARGETED_DEVICE_FAMILY = "1,2";
			};
			name = Debug;
		};
		FFF662A81FCFDB97007D30DD /* Release */ = {
			isa = XCBuildConfiguration;
			buildSettings = {
				ASSETCATALOG_COMPILER_APPICON_NAME = AppIcon;
				CODE_SIGN_STYLE = Automatic;
				DEVELOPMENT_TEAM = 8ZXHY2B6NF;
				INFOPLIST_FILE = HPToolKit/Info.plist;
				LD_RUNPATH_SEARCH_PATHS = "$(inherited) @executable_path/Frameworks";
				PRODUCT_BUNDLE_IDENTIFIER = Personal.HPToolKit;
				PRODUCT_NAME = "$(TARGET_NAME)";
				SWIFT_VERSION = 4.0;
				TARGETED_DEVICE_FAMILY = "1,2";
			};
			name = Release;
		};
		FFF662AA1FCFDB97007D30DD /* Debug */ = {
			isa = XCBuildConfiguration;
			buildSettings = {
				ALWAYS_EMBED_SWIFT_STANDARD_LIBRARIES = YES;
				BUNDLE_LOADER = "$(TEST_HOST)";
				CODE_SIGN_STYLE = Automatic;
				DEVELOPMENT_TEAM = 8ZXHY2B6NF;
				INFOPLIST_FILE = HPToolKitTests/Info.plist;
				LD_RUNPATH_SEARCH_PATHS = "$(inherited) @executable_path/Frameworks @loader_path/Frameworks";
				PRODUCT_BUNDLE_IDENTIFIER = Personal.HPToolKitTests;
				PRODUCT_NAME = "$(TARGET_NAME)";
				SWIFT_VERSION = 4.0;
				TARGETED_DEVICE_FAMILY = "1,2";
				TEST_HOST = "$(BUILT_PRODUCTS_DIR)/HPToolKit.app/HPToolKit";
			};
			name = Debug;
		};
		FFF662AB1FCFDB97007D30DD /* Release */ = {
			isa = XCBuildConfiguration;
			buildSettings = {
				ALWAYS_EMBED_SWIFT_STANDARD_LIBRARIES = YES;
				BUNDLE_LOADER = "$(TEST_HOST)";
				CODE_SIGN_STYLE = Automatic;
				DEVELOPMENT_TEAM = 8ZXHY2B6NF;
				INFOPLIST_FILE = HPToolKitTests/Info.plist;
				LD_RUNPATH_SEARCH_PATHS = "$(inherited) @executable_path/Frameworks @loader_path/Frameworks";
				PRODUCT_BUNDLE_IDENTIFIER = Personal.HPToolKitTests;
				PRODUCT_NAME = "$(TARGET_NAME)";
				SWIFT_VERSION = 4.0;
				TARGETED_DEVICE_FAMILY = "1,2";
				TEST_HOST = "$(BUILT_PRODUCTS_DIR)/HPToolKit.app/HPToolKit";
			};
			name = Release;
		};
		FFF662AD1FCFDB97007D30DD /* Debug */ = {
			isa = XCBuildConfiguration;
			buildSettings = {
				ALWAYS_EMBED_SWIFT_STANDARD_LIBRARIES = YES;
				CODE_SIGN_STYLE = Automatic;
				DEVELOPMENT_TEAM = 8ZXHY2B6NF;
				INFOPLIST_FILE = HPToolKitUITests/Info.plist;
				LD_RUNPATH_SEARCH_PATHS = "$(inherited) @executable_path/Frameworks @loader_path/Frameworks";
				PRODUCT_BUNDLE_IDENTIFIER = Personal.HPToolKitUITests;
				PRODUCT_NAME = "$(TARGET_NAME)";
				SWIFT_VERSION = 4.0;
				TARGETED_DEVICE_FAMILY = "1,2";
				TEST_TARGET_NAME = HPToolKit;
			};
			name = Debug;
		};
		FFF662AE1FCFDB97007D30DD /* Release */ = {
			isa = XCBuildConfiguration;
			buildSettings = {
				ALWAYS_EMBED_SWIFT_STANDARD_LIBRARIES = YES;
				CODE_SIGN_STYLE = Automatic;
				DEVELOPMENT_TEAM = 8ZXHY2B6NF;
				INFOPLIST_FILE = HPToolKitUITests/Info.plist;
				LD_RUNPATH_SEARCH_PATHS = "$(inherited) @executable_path/Frameworks @loader_path/Frameworks";
				PRODUCT_BUNDLE_IDENTIFIER = Personal.HPToolKitUITests;
				PRODUCT_NAME = "$(TARGET_NAME)";
				SWIFT_VERSION = 4.0;
				TARGETED_DEVICE_FAMILY = "1,2";
				TEST_TARGET_NAME = HPToolKit;
			};
			name = Release;
		};
/* End XCBuildConfiguration section */

/* Begin XCConfigurationList section */
		FFF662761FCFDB96007D30DD /* Build configuration list for PBXProject "HPToolKit" */ = {
			isa = XCConfigurationList;
			buildConfigurations = (
				FFF662A41FCFDB97007D30DD /* Debug */,
				FFF662A51FCFDB97007D30DD /* Release */,
			);
			defaultConfigurationIsVisible = 0;
			defaultConfigurationName = Release;
		};
		FFF662A61FCFDB97007D30DD /* Build configuration list for PBXNativeTarget "HPToolKit" */ = {
			isa = XCConfigurationList;
			buildConfigurations = (
				FFF662A71FCFDB97007D30DD /* Debug */,
				FFF662A81FCFDB97007D30DD /* Release */,
			);
			defaultConfigurationIsVisible = 0;
			defaultConfigurationName = Release;
		};
		FFF662A91FCFDB97007D30DD /* Build configuration list for PBXNativeTarget "HPToolKitTests" */ = {
			isa = XCConfigurationList;
			buildConfigurations = (
				FFF662AA1FCFDB97007D30DD /* Debug */,
				FFF662AB1FCFDB97007D30DD /* Release */,
			);
			defaultConfigurationIsVisible = 0;
			defaultConfigurationName = Release;
		};
		FFF662AC1FCFDB97007D30DD /* Build configuration list for PBXNativeTarget "HPToolKitUITests" */ = {
			isa = XCConfigurationList;
			buildConfigurations = (
				FFF662AD1FCFDB97007D30DD /* Debug */,
				FFF662AE1FCFDB97007D30DD /* Release */,
			);
			defaultConfigurationIsVisible = 0;
			defaultConfigurationName = Release;
		};
/* End XCConfigurationList section */

/* Begin XCVersionGroup section */
		FFF662851FCFDB97007D30DD /* HPToolKit.xcdatamodeld */ = {
			isa = XCVersionGroup;
			children = (
				FFF662861FCFDB97007D30DD /* HPToolKit.xcdatamodel */,
			);
			currentVersion = FFF662861FCFDB97007D30DD /* HPToolKit.xcdatamodel */;
			path = HPToolKit.xcdatamodeld;
			sourceTree = "<group>";
			versionGroupType = wrapper.xcdatamodel;
		};
/* End XCVersionGroup section */
	};
	rootObject = FFF662731FCFDB96007D30DD /* Project object */;
}
