// !$*UTF8*$!
{
	archiveVersion = 1;
	classes = {
	};
	objectVersion = 48;
	objects = {

/* Begin PBXBuildFile section */
		67EC0F6C1FF0D7CC002262A1 /* MyNavigationController.swift in Sources */ = {isa = PBXBuildFile; fileRef = FFF726831FE7A5F9009F093A /* MyNavigationController.swift */; };
		67EC0F6D1FF0D7DD002262A1 /* AppDelegate.swift in Sources */ = {isa = PBXBuildFile; fileRef = FFF726821FE7A5F9009F093A /* AppDelegate.swift */; };
		67EC0F6E1FF0D7E0002262A1 /* HPPluginRepo.xcdatamodeld in Sources */ = {isa = PBXBuildFile; fileRef = FFF726801FE7A5F9009F093A /* HPPluginRepo.xcdatamodeld */; };
		67EC0F6F1FF0D7FA002262A1 /* RootViewController.swift in Sources */ = {isa = PBXBuildFile; fileRef = FFF726771FE7A5F9009F093A /* RootViewController.swift */; };
		67EC0F701FF0D800002262A1 /* Main.storyboard in Resources */ = {isa = PBXBuildFile; fileRef = FFF7267B1FE7A5F9009F093A /* Main.storyboard */; };
		67EC0F711FF0D803002262A1 /* Main.storyboard in Resources */ = {isa = PBXBuildFile; fileRef = FFF7267B1FE7A5F9009F093A /* Main.storyboard */; };
		67EC0F971FF0D838002262A1 /* HSPMessageBridge.swift in Sources */ = {isa = PBXBuildFile; fileRef = 67EC0F761FF0D838002262A1 /* HSPMessageBridge.swift */; };
		67EC0F981FF0D838002262A1 /* HSPMessageBridge.swift in Sources */ = {isa = PBXBuildFile; fileRef = 67EC0F761FF0D838002262A1 /* HSPMessageBridge.swift */; };
		67EC0F991FF0D838002262A1 /* HSPBottomViewController.swift in Sources */ = {isa = PBXBuildFile; fileRef = 67EC0F771FF0D838002262A1 /* HSPBottomViewController.swift */; };
		67EC0F9A1FF0D838002262A1 /* HSPBottomViewController.swift in Sources */ = {isa = PBXBuildFile; fileRef = 67EC0F771FF0D838002262A1 /* HSPBottomViewController.swift */; };
		67EC0F9B1FF0D838002262A1 /* HSPParentViewController.swift in Sources */ = {isa = PBXBuildFile; fileRef = 67EC0F781FF0D838002262A1 /* HSPParentViewController.swift */; };
		67EC0F9C1FF0D838002262A1 /* HSPParentViewController.swift in Sources */ = {isa = PBXBuildFile; fileRef = 67EC0F781FF0D838002262A1 /* HSPParentViewController.swift */; };
		67EC0F9D1FF0D838002262A1 /* HSPTopViewController.swift in Sources */ = {isa = PBXBuildFile; fileRef = 67EC0F791FF0D838002262A1 /* HSPTopViewController.swift */; };
		67EC0F9E1FF0D838002262A1 /* HSPTopViewController.swift in Sources */ = {isa = PBXBuildFile; fileRef = 67EC0F791FF0D838002262A1 /* HSPTopViewController.swift */; };
		67EC0F9F1FF0D838002262A1 /* HPSerialize.swift in Sources */ = {isa = PBXBuildFile; fileRef = 67EC0F7B1FF0D838002262A1 /* HPSerialize.swift */; };
		67EC0FA01FF0D838002262A1 /* HPSerialize.swift in Sources */ = {isa = PBXBuildFile; fileRef = 67EC0F7B1FF0D838002262A1 /* HPSerialize.swift */; };
		67EC0FA11FF0D838002262A1 /* HPTaskManager.swift in Sources */ = {isa = PBXBuildFile; fileRef = 67EC0F7D1FF0D838002262A1 /* HPTaskManager.swift */; };
		67EC0FA21FF0D838002262A1 /* HPTaskManager.swift in Sources */ = {isa = PBXBuildFile; fileRef = 67EC0F7D1FF0D838002262A1 /* HPTaskManager.swift */; };
		67EC0FA31FF0D838002262A1 /* HPPasswordView.swift in Sources */ = {isa = PBXBuildFile; fileRef = 67EC0F7F1FF0D838002262A1 /* HPPasswordView.swift */; };
		67EC0FA41FF0D838002262A1 /* HPPasswordView.swift in Sources */ = {isa = PBXBuildFile; fileRef = 67EC0F7F1FF0D838002262A1 /* HPPasswordView.swift */; };
		67EC0FA51FF0D838002262A1 /* HPSimplePasscodeView.xib in Resources */ = {isa = PBXBuildFile; fileRef = 67EC0F811FF0D838002262A1 /* HPSimplePasscodeView.xib */; };
		67EC0FA61FF0D838002262A1 /* HPSimplePasscodeView.xib in Resources */ = {isa = PBXBuildFile; fileRef = 67EC0F811FF0D838002262A1 /* HPSimplePasscodeView.xib */; };
		67EC0FA71FF0D838002262A1 /* HPNineDotView.swift in Sources */ = {isa = PBXBuildFile; fileRef = 67EC0F821FF0D838002262A1 /* HPNineDotView.swift */; };
		67EC0FA81FF0D838002262A1 /* HPNineDotView.swift in Sources */ = {isa = PBXBuildFile; fileRef = 67EC0F821FF0D838002262A1 /* HPNineDotView.swift */; };
		67EC0FA91FF0D838002262A1 /* HPSimplePasscodeView.swift in Sources */ = {isa = PBXBuildFile; fileRef = 67EC0F831FF0D838002262A1 /* HPSimplePasscodeView.swift */; };
		67EC0FAA1FF0D838002262A1 /* HPSimplePasscodeView.swift in Sources */ = {isa = PBXBuildFile; fileRef = 67EC0F831FF0D838002262A1 /* HPSimplePasscodeView.swift */; };
		67EC0FAB1FF0D838002262A1 /* HPNineDotView.xib in Resources */ = {isa = PBXBuildFile; fileRef = 67EC0F841FF0D838002262A1 /* HPNineDotView.xib */; };
		67EC0FAC1FF0D838002262A1 /* HPNineDotView.xib in Resources */ = {isa = PBXBuildFile; fileRef = 67EC0F841FF0D838002262A1 /* HPNineDotView.xib */; };
		67EC0FAD1FF0D838002262A1 /* HDKFloatingButton.swift in Sources */ = {isa = PBXBuildFile; fileRef = 67EC0F861FF0D838002262A1 /* HDKFloatingButton.swift */; };
		67EC0FAE1FF0D838002262A1 /* HDKFloatingButton.swift in Sources */ = {isa = PBXBuildFile; fileRef = 67EC0F861FF0D838002262A1 /* HDKFloatingButton.swift */; };
		67EC0FAF1FF0D838002262A1 /* HDKExtension.swift in Sources */ = {isa = PBXBuildFile; fileRef = 67EC0F871FF0D838002262A1 /* HDKExtension.swift */; };
		67EC0FB01FF0D838002262A1 /* HDKExtension.swift in Sources */ = {isa = PBXBuildFile; fileRef = 67EC0F871FF0D838002262A1 /* HDKExtension.swift */; };
		67EC0FB11FF0D838002262A1 /* guide.html in Resources */ = {isa = PBXBuildFile; fileRef = 67EC0F891FF0D838002262A1 /* guide.html */; };
		67EC0FB21FF0D838002262A1 /* guide.html in Resources */ = {isa = PBXBuildFile; fileRef = 67EC0F891FF0D838002262A1 /* guide.html */; };
		67EC0FB31FF0D838002262A1 /* ADKStoryboard_container.storyboard in Resources */ = {isa = PBXBuildFile; fileRef = 67EC0F8A1FF0D838002262A1 /* ADKStoryboard_container.storyboard */; };
		67EC0FB41FF0D838002262A1 /* ADKStoryboard_container.storyboard in Resources */ = {isa = PBXBuildFile; fileRef = 67EC0F8A1FF0D838002262A1 /* ADKStoryboard_container.storyboard */; };
		67EC0FB51FF0D838002262A1 /* HDKRootViewController.swift in Sources */ = {isa = PBXBuildFile; fileRef = 67EC0F8B1FF0D838002262A1 /* HDKRootViewController.swift */; };
		67EC0FB61FF0D838002262A1 /* HDKRootViewController.swift in Sources */ = {isa = PBXBuildFile; fileRef = 67EC0F8B1FF0D838002262A1 /* HDKRootViewController.swift */; };
		67EC0FB71FF0D838002262A1 /* HDKSettingViewController.swift in Sources */ = {isa = PBXBuildFile; fileRef = 67EC0F8C1FF0D838002262A1 /* HDKSettingViewController.swift */; };
		67EC0FB81FF0D838002262A1 /* HDKSettingViewController.swift in Sources */ = {isa = PBXBuildFile; fileRef = 67EC0F8C1FF0D838002262A1 /* HDKSettingViewController.swift */; };
		67EC0FB91FF0D838002262A1 /* HDKGuideViewController.swift in Sources */ = {isa = PBXBuildFile; fileRef = 67EC0F8D1FF0D838002262A1 /* HDKGuideViewController.swift */; };
		67EC0FBA1FF0D838002262A1 /* HDKGuideViewController.swift in Sources */ = {isa = PBXBuildFile; fileRef = 67EC0F8D1FF0D838002262A1 /* HDKGuideViewController.swift */; };
		67EC0FBB1FF0D838002262A1 /* HDKContext.swift in Sources */ = {isa = PBXBuildFile; fileRef = 67EC0F8E1FF0D838002262A1 /* HDKContext.swift */; };
		67EC0FBC1FF0D838002262A1 /* HDKContext.swift in Sources */ = {isa = PBXBuildFile; fileRef = 67EC0F8E1FF0D838002262A1 /* HDKContext.swift */; };
		67EC0FBD1FF0D838002262A1 /* HPCalendarDate.swift in Sources */ = {isa = PBXBuildFile; fileRef = 67EC0F901FF0D838002262A1 /* HPCalendarDate.swift */; };
		67EC0FBE1FF0D838002262A1 /* HPCalendarDate.swift in Sources */ = {isa = PBXBuildFile; fileRef = 67EC0F901FF0D838002262A1 /* HPCalendarDate.swift */; };
		67EC0FBF1FF0D838002262A1 /* HPCalendarViewCell.swift in Sources */ = {isa = PBXBuildFile; fileRef = 67EC0F921FF0D838002262A1 /* HPCalendarViewCell.swift */; };
		67EC0FC01FF0D838002262A1 /* HPCalendarViewCell.swift in Sources */ = {isa = PBXBuildFile; fileRef = 67EC0F921FF0D838002262A1 /* HPCalendarViewCell.swift */; };
		67EC0FC11FF0D838002262A1 /* HPCalendarView.swift in Sources */ = {isa = PBXBuildFile; fileRef = 67EC0F931FF0D838002262A1 /* HPCalendarView.swift */; };
		67EC0FC21FF0D838002262A1 /* HPCalendarView.swift in Sources */ = {isa = PBXBuildFile; fileRef = 67EC0F931FF0D838002262A1 /* HPCalendarView.swift */; };
		67EC0FC31FF0D838002262A1 /* HPCalendarViewCell.xib in Resources */ = {isa = PBXBuildFile; fileRef = 67EC0F941FF0D838002262A1 /* HPCalendarViewCell.xib */; };
		67EC0FC41FF0D838002262A1 /* HPCalendarViewCell.xib in Resources */ = {isa = PBXBuildFile; fileRef = 67EC0F941FF0D838002262A1 /* HPCalendarViewCell.xib */; };
		67EC0FC51FF0D838002262A1 /* HPCalendarHorizontalLayout.swift in Sources */ = {isa = PBXBuildFile; fileRef = 67EC0F951FF0D838002262A1 /* HPCalendarHorizontalLayout.swift */; };
		67EC0FC61FF0D838002262A1 /* HPCalendarHorizontalLayout.swift in Sources */ = {isa = PBXBuildFile; fileRef = 67EC0F951FF0D838002262A1 /* HPCalendarHorizontalLayout.swift */; };
		67EC0FC71FF0D838002262A1 /* HPCalendarView.xib in Resources */ = {isa = PBXBuildFile; fileRef = 67EC0F961FF0D838002262A1 /* HPCalendarView.xib */; };
		67EC0FC81FF0D838002262A1 /* HPCalendarView.xib in Resources */ = {isa = PBXBuildFile; fileRef = 67EC0F961FF0D838002262A1 /* HPCalendarView.xib */; };
		67EC0FDF1FF0D850002262A1 /* HPExts.swift in Sources */ = {isa = PBXBuildFile; fileRef = 67EC0FCA1FF0D850002262A1 /* HPExts.swift */; };
		67EC0FE01FF0D850002262A1 /* HPExts.swift in Sources */ = {isa = PBXBuildFile; fileRef = 67EC0FCA1FF0D850002262A1 /* HPExts.swift */; };
		67EC0FE11FF0D850002262A1 /* HPGlobal.swift in Sources */ = {isa = PBXBuildFile; fileRef = 67EC0FCB1FF0D850002262A1 /* HPGlobal.swift */; };
		67EC0FE21FF0D850002262A1 /* HPGlobal.swift in Sources */ = {isa = PBXBuildFile; fileRef = 67EC0FCB1FF0D850002262A1 /* HPGlobal.swift */; };
		67EC0FE31FF0D850002262A1 /* HSPDemoParentViewController.swift in Sources */ = {isa = PBXBuildFile; fileRef = 67EC0FCE1FF0D850002262A1 /* HSPDemoParentViewController.swift */; };
		67EC0FE41FF0D850002262A1 /* HSPDemoParentViewController.swift in Sources */ = {isa = PBXBuildFile; fileRef = 67EC0FCE1FF0D850002262A1 /* HSPDemoParentViewController.swift */; };
		67EC0FE51FF0D850002262A1 /* HSPDemoBottomViewController.swift in Sources */ = {isa = PBXBuildFile; fileRef = 67EC0FCF1FF0D850002262A1 /* HSPDemoBottomViewController.swift */; };
		67EC0FE61FF0D850002262A1 /* HSPDemoBottomViewController.swift in Sources */ = {isa = PBXBuildFile; fileRef = 67EC0FCF1FF0D850002262A1 /* HSPDemoBottomViewController.swift */; };
		67EC0FE71FF0D850002262A1 /* HSPDemoTopViewController.swift in Sources */ = {isa = PBXBuildFile; fileRef = 67EC0FD01FF0D850002262A1 /* HSPDemoTopViewController.swift */; };
		67EC0FE81FF0D850002262A1 /* HSPDemoTopViewController.swift in Sources */ = {isa = PBXBuildFile; fileRef = 67EC0FD01FF0D850002262A1 /* HSPDemoTopViewController.swift */; };
		67EC0FE91FF0D850002262A1 /* HPNavView.swift in Sources */ = {isa = PBXBuildFile; fileRef = 67EC0FD11FF0D850002262A1 /* HPNavView.swift */; };
		67EC0FEA1FF0D850002262A1 /* HPNavView.swift in Sources */ = {isa = PBXBuildFile; fileRef = 67EC0FD11FF0D850002262A1 /* HPNavView.swift */; };
		67EC0FEB1FF0D850002262A1 /* HPPasswordDemoViewController.swift in Sources */ = {isa = PBXBuildFile; fileRef = 67EC0FD31FF0D850002262A1 /* HPPasswordDemoViewController.swift */; };
		67EC0FEC1FF0D850002262A1 /* HPPasswordDemoViewController.swift in Sources */ = {isa = PBXBuildFile; fileRef = 67EC0FD31FF0D850002262A1 /* HPPasswordDemoViewController.swift */; };
		67EC0FED1FF0D850002262A1 /* DemoAppSettings.swift in Sources */ = {isa = PBXBuildFile; fileRef = 67EC0FD41FF0D850002262A1 /* DemoAppSettings.swift */; };
		67EC0FEE1FF0D850002262A1 /* DemoAppSettings.swift in Sources */ = {isa = PBXBuildFile; fileRef = 67EC0FD41FF0D850002262A1 /* DemoAppSettings.swift */; };
		67EC0FEF1FF0D850002262A1 /* HPCalendarViewController.swift in Sources */ = {isa = PBXBuildFile; fileRef = 67EC0FD61FF0D850002262A1 /* HPCalendarViewController.swift */; };
		67EC0FF01FF0D850002262A1 /* HPCalendarViewController.swift in Sources */ = {isa = PBXBuildFile; fileRef = 67EC0FD61FF0D850002262A1 /* HPCalendarViewController.swift */; };
		67EC0FF11FF0D850002262A1 /* HDKRootConfig.plist in Resources */ = {isa = PBXBuildFile; fileRef = 67EC0FD81FF0D850002262A1 /* HDKRootConfig.plist */; };
		67EC0FF21FF0D850002262A1 /* HDKRootConfig.plist in Resources */ = {isa = PBXBuildFile; fileRef = 67EC0FD81FF0D850002262A1 /* HDKRootConfig.plist */; };
		67EC0FF31FF0D850002262A1 /* HDKPasswordSettingViewController.swift in Sources */ = {isa = PBXBuildFile; fileRef = 67EC0FD91FF0D850002262A1 /* HDKPasswordSettingViewController.swift */; };
		67EC0FF41FF0D850002262A1 /* HDKPasswordSettingViewController.swift in Sources */ = {isa = PBXBuildFile; fileRef = 67EC0FD91FF0D850002262A1 /* HDKPasswordSettingViewController.swift */; };
		67EC0FF51FF0D850002262A1 /* HDKTestViewController.swift in Sources */ = {isa = PBXBuildFile; fileRef = 67EC0FDA1FF0D850002262A1 /* HDKTestViewController.swift */; };
		67EC0FF61FF0D850002262A1 /* HDKTestViewController.swift in Sources */ = {isa = PBXBuildFile; fileRef = 67EC0FDA1FF0D850002262A1 /* HDKTestViewController.swift */; };
		67EC0FF71FF0D850002262A1 /* HDKSettingEventHandler.swift in Sources */ = {isa = PBXBuildFile; fileRef = 67EC0FDB1FF0D850002262A1 /* HDKSettingEventHandler.swift */; };
		67EC0FF81FF0D850002262A1 /* HDKSettingEventHandler.swift in Sources */ = {isa = PBXBuildFile; fileRef = 67EC0FDB1FF0D850002262A1 /* HDKSettingEventHandler.swift */; };
		67EC0FF91FF0D850002262A1 /* HDKSettingConfig.plist in Resources */ = {isa = PBXBuildFile; fileRef = 67EC0FDC1FF0D850002262A1 /* HDKSettingConfig.plist */; };
		67EC0FFA1FF0D850002262A1 /* HDKSettingConfig.plist in Resources */ = {isa = PBXBuildFile; fileRef = 67EC0FDC1FF0D850002262A1 /* HDKSettingConfig.plist */; };
		67EC0FFB1FF0D850002262A1 /* HDKStoryboard_phone.storyboard in Resources */ = {isa = PBXBuildFile; fileRef = 67EC0FDD1FF0D850002262A1 /* HDKStoryboard_phone.storyboard */; };
		67EC0FFC1FF0D850002262A1 /* HDKStoryboard_phone.storyboard in Resources */ = {isa = PBXBuildFile; fileRef = 67EC0FDD1FF0D850002262A1 /* HDKStoryboard_phone.storyboard */; };
		67EC0FFD1FF0D850002262A1 /* HDKTest2ViewController.swift in Sources */ = {isa = PBXBuildFile; fileRef = 67EC0FDE1FF0D850002262A1 /* HDKTest2ViewController.swift */; };
		67EC0FFE1FF0D850002262A1 /* HDKTest2ViewController.swift in Sources */ = {isa = PBXBuildFile; fileRef = 67EC0FDE1FF0D850002262A1 /* HDKTest2ViewController.swift */; };
		CD12B61F22D6E38900F7FAF1 /* WebKit.framework in Frameworks */ = {isa = PBXBuildFile; fileRef = CD12B61E22D6E38900F7FAF1 /* WebKit.framework */; };
		FFF726AD1FE7A5FA009F093A /* RootViewController.swift in Sources */ = {isa = PBXBuildFile; fileRef = FFF726771FE7A5F9009F093A /* RootViewController.swift */; };
		FFF726AE1FE7A5FA009F093A /* Assets.xcassets in Resources */ = {isa = PBXBuildFile; fileRef = FFF726781FE7A5F9009F093A /* Assets.xcassets */; };
		FFF726AF1FE7A5FA009F093A /* LaunchScreen.storyboard in Resources */ = {isa = PBXBuildFile; fileRef = FFF726791FE7A5F9009F093A /* LaunchScreen.storyboard */; };
		FFF726B01FE7A5FA009F093A /* Main.storyboard in Resources */ = {isa = PBXBuildFile; fileRef = FFF7267B1FE7A5F9009F093A /* Main.storyboard */; };
		FFF726B31FE7A5FA009F093A /* HPPluginRepo.xcdatamodeld in Sources */ = {isa = PBXBuildFile; fileRef = FFF726801FE7A5F9009F093A /* HPPluginRepo.xcdatamodeld */; };
		FFF726B41FE7A5FA009F093A /* AppDelegate.swift in Sources */ = {isa = PBXBuildFile; fileRef = FFF726821FE7A5F9009F093A /* AppDelegate.swift */; };
		FFF726B51FE7A5FA009F093A /* MyNavigationController.swift in Sources */ = {isa = PBXBuildFile; fileRef = FFF726831FE7A5F9009F093A /* MyNavigationController.swift */; };
		FFF726C51FE7A8C1009F093A /* HPPluginRepoTests.swift in Sources */ = {isa = PBXBuildFile; fileRef = FFF726541FE7A5F4009F093A /* HPPluginRepoTests.swift */; };
		FFF726C71FE7A8CB009F093A /* HPPluginRepoUITests.swift in Sources */ = {isa = PBXBuildFile; fileRef = FFF726511FE7A5F3009F093A /* HPPluginRepoUITests.swift */; };
/* End PBXBuildFile section */

/* Begin PBXContainerItemProxy section */
		FFF662931FCFDB97007D30DD /* PBXContainerItemProxy */ = {
			isa = PBXContainerItemProxy;
			containerPortal = FFF662731FCFDB96007D30DD /* Project object */;
			proxyType = 1;
			remoteGlobalIDString = FFF6627A1FCFDB96007D30DD;
			remoteInfo = HPToolKit;
		};
		FFF6629E1FCFDB97007D30DD /* PBXContainerItemProxy */ = {
			isa = PBXContainerItemProxy;
			containerPortal = FFF662731FCFDB96007D30DD /* Project object */;
			proxyType = 1;
			remoteGlobalIDString = FFF6627A1FCFDB96007D30DD;
			remoteInfo = HPToolKit;
		};
/* End PBXContainerItemProxy section */

/* Begin PBXFileReference section */
		67EC0F761FF0D838002262A1 /* HSPMessageBridge.swift */ = {isa = PBXFileReference; fileEncoding = 4; lastKnownFileType = sourcecode.swift; path = HSPMessageBridge.swift; sourceTree = "<group>"; };
		67EC0F771FF0D838002262A1 /* HSPBottomViewController.swift */ = {isa = PBXFileReference; fileEncoding = 4; lastKnownFileType = sourcecode.swift; path = HSPBottomViewController.swift; sourceTree = "<group>"; };
		67EC0F781FF0D838002262A1 /* HSPParentViewController.swift */ = {isa = PBXFileReference; fileEncoding = 4; lastKnownFileType = sourcecode.swift; path = HSPParentViewController.swift; sourceTree = "<group>"; };
		67EC0F791FF0D838002262A1 /* HSPTopViewController.swift */ = {isa = PBXFileReference; fileEncoding = 4; lastKnownFileType = sourcecode.swift; path = HSPTopViewController.swift; sourceTree = "<group>"; };
		67EC0F7B1FF0D838002262A1 /* HPSerialize.swift */ = {isa = PBXFileReference; fileEncoding = 4; lastKnownFileType = sourcecode.swift; path = HPSerialize.swift; sourceTree = "<group>"; };
		67EC0F7D1FF0D838002262A1 /* HPTaskManager.swift */ = {isa = PBXFileReference; fileEncoding = 4; lastKnownFileType = sourcecode.swift; path = HPTaskManager.swift; sourceTree = "<group>"; };
		67EC0F7F1FF0D838002262A1 /* HPPasswordView.swift */ = {isa = PBXFileReference; fileEncoding = 4; lastKnownFileType = sourcecode.swift; path = HPPasswordView.swift; sourceTree = "<group>"; };
		67EC0F811FF0D838002262A1 /* HPSimplePasscodeView.xib */ = {isa = PBXFileReference; fileEncoding = 4; lastKnownFileType = file.xib; path = HPSimplePasscodeView.xib; sourceTree = "<group>"; };
		67EC0F821FF0D838002262A1 /* HPNineDotView.swift */ = {isa = PBXFileReference; fileEncoding = 4; lastKnownFileType = sourcecode.swift; path = HPNineDotView.swift; sourceTree = "<group>"; };
		67EC0F831FF0D838002262A1 /* HPSimplePasscodeView.swift */ = {isa = PBXFileReference; fileEncoding = 4; lastKnownFileType = sourcecode.swift; path = HPSimplePasscodeView.swift; sourceTree = "<group>"; };
		67EC0F841FF0D838002262A1 /* HPNineDotView.xib */ = {isa = PBXFileReference; fileEncoding = 4; lastKnownFileType = file.xib; path = HPNineDotView.xib; sourceTree = "<group>"; };
		67EC0F861FF0D838002262A1 /* HDKFloatingButton.swift */ = {isa = PBXFileReference; fileEncoding = 4; lastKnownFileType = sourcecode.swift; path = HDKFloatingButton.swift; sourceTree = "<group>"; };
		67EC0F871FF0D838002262A1 /* HDKExtension.swift */ = {isa = PBXFileReference; fileEncoding = 4; lastKnownFileType = sourcecode.swift; path = HDKExtension.swift; sourceTree = "<group>"; };
		67EC0F891FF0D838002262A1 /* guide.html */ = {isa = PBXFileReference; fileEncoding = 4; lastKnownFileType = text.html; path = guide.html; sourceTree = "<group>"; };
		67EC0F8A1FF0D838002262A1 /* ADKStoryboard_container.storyboard */ = {isa = PBXFileReference; fileEncoding = 4; lastKnownFileType = file.storyboard; path = ADKStoryboard_container.storyboard; sourceTree = "<group>"; };
		67EC0F8B1FF0D838002262A1 /* HDKRootViewController.swift */ = {isa = PBXFileReference; fileEncoding = 4; lastKnownFileType = sourcecode.swift; path = HDKRootViewController.swift; sourceTree = "<group>"; };
		67EC0F8C1FF0D838002262A1 /* HDKSettingViewController.swift */ = {isa = PBXFileReference; fileEncoding = 4; lastKnownFileType = sourcecode.swift; path = HDKSettingViewController.swift; sourceTree = "<group>"; };
		67EC0F8D1FF0D838002262A1 /* HDKGuideViewController.swift */ = {isa = PBXFileReference; fileEncoding = 4; lastKnownFileType = sourcecode.swift; path = HDKGuideViewController.swift; sourceTree = "<group>"; };
		67EC0F8E1FF0D838002262A1 /* HDKContext.swift */ = {isa = PBXFileReference; fileEncoding = 4; lastKnownFileType = sourcecode.swift; path = HDKContext.swift; sourceTree = "<group>"; };
		67EC0F901FF0D838002262A1 /* HPCalendarDate.swift */ = {isa = PBXFileReference; fileEncoding = 4; lastKnownFileType = sourcecode.swift; path = HPCalendarDate.swift; sourceTree = "<group>"; };
		67EC0F921FF0D838002262A1 /* HPCalendarViewCell.swift */ = {isa = PBXFileReference; fileEncoding = 4; lastKnownFileType = sourcecode.swift; path = HPCalendarViewCell.swift; sourceTree = "<group>"; };
		67EC0F931FF0D838002262A1 /* HPCalendarView.swift */ = {isa = PBXFileReference; fileEncoding = 4; lastKnownFileType = sourcecode.swift; path = HPCalendarView.swift; sourceTree = "<group>"; };
		67EC0F941FF0D838002262A1 /* HPCalendarViewCell.xib */ = {isa = PBXFileReference; fileEncoding = 4; lastKnownFileType = file.xib; path = HPCalendarViewCell.xib; sourceTree = "<group>"; };
		67EC0F951FF0D838002262A1 /* HPCalendarHorizontalLayout.swift */ = {isa = PBXFileReference; fileEncoding = 4; lastKnownFileType = sourcecode.swift; path = HPCalendarHorizontalLayout.swift; sourceTree = "<group>"; };
		67EC0F961FF0D838002262A1 /* HPCalendarView.xib */ = {isa = PBXFileReference; fileEncoding = 4; lastKnownFileType = file.xib; path = HPCalendarView.xib; sourceTree = "<group>"; };
		67EC0FCA1FF0D850002262A1 /* HPExts.swift */ = {isa = PBXFileReference; fileEncoding = 4; lastKnownFileType = sourcecode.swift; path = HPExts.swift; sourceTree = "<group>"; };
		67EC0FCB1FF0D850002262A1 /* HPGlobal.swift */ = {isa = PBXFileReference; fileEncoding = 4; lastKnownFileType = sourcecode.swift; path = HPGlobal.swift; sourceTree = "<group>"; };
		67EC0FCE1FF0D850002262A1 /* HSPDemoParentViewController.swift */ = {isa = PBXFileReference; fileEncoding = 4; lastKnownFileType = sourcecode.swift; path = HSPDemoParentViewController.swift; sourceTree = "<group>"; };
		67EC0FCF1FF0D850002262A1 /* HSPDemoBottomViewController.swift */ = {isa = PBXFileReference; fileEncoding = 4; lastKnownFileType = sourcecode.swift; path = HSPDemoBottomViewController.swift; sourceTree = "<group>"; };
		67EC0FD01FF0D850002262A1 /* HSPDemoTopViewController.swift */ = {isa = PBXFileReference; fileEncoding = 4; lastKnownFileType = sourcecode.swift; path = HSPDemoTopViewController.swift; sourceTree = "<group>"; };
		67EC0FD11FF0D850002262A1 /* HPNavView.swift */ = {isa = PBXFileReference; fileEncoding = 4; lastKnownFileType = sourcecode.swift; path = HPNavView.swift; sourceTree = "<group>"; };
		67EC0FD31FF0D850002262A1 /* HPPasswordDemoViewController.swift */ = {isa = PBXFileReference; fileEncoding = 4; lastKnownFileType = sourcecode.swift; path = HPPasswordDemoViewController.swift; sourceTree = "<group>"; };
		67EC0FD41FF0D850002262A1 /* DemoAppSettings.swift */ = {isa = PBXFileReference; fileEncoding = 4; lastKnownFileType = sourcecode.swift; path = DemoAppSettings.swift; sourceTree = "<group>"; };
		67EC0FD61FF0D850002262A1 /* HPCalendarViewController.swift */ = {isa = PBXFileReference; fileEncoding = 4; lastKnownFileType = sourcecode.swift; path = HPCalendarViewController.swift; sourceTree = "<group>"; };
		67EC0FD81FF0D850002262A1 /* HDKRootConfig.plist */ = {isa = PBXFileReference; fileEncoding = 4; lastKnownFileType = text.plist.xml; path = HDKRootConfig.plist; sourceTree = "<group>"; };
		67EC0FD91FF0D850002262A1 /* HDKPasswordSettingViewController.swift */ = {isa = PBXFileReference; fileEncoding = 4; lastKnownFileType = sourcecode.swift; path = HDKPasswordSettingViewController.swift; sourceTree = "<group>"; };
		67EC0FDA1FF0D850002262A1 /* HDKTestViewController.swift */ = {isa = PBXFileReference; fileEncoding = 4; lastKnownFileType = sourcecode.swift; path = HDKTestViewController.swift; sourceTree = "<group>"; };
		67EC0FDB1FF0D850002262A1 /* HDKSettingEventHandler.swift */ = {isa = PBXFileReference; fileEncoding = 4; lastKnownFileType = sourcecode.swift; path = HDKSettingEventHandler.swift; sourceTree = "<group>"; };
		67EC0FDC1FF0D850002262A1 /* HDKSettingConfig.plist */ = {isa = PBXFileReference; fileEncoding = 4; lastKnownFileType = text.plist.xml; path = HDKSettingConfig.plist; sourceTree = "<group>"; };
		67EC0FDD1FF0D850002262A1 /* HDKStoryboard_phone.storyboard */ = {isa = PBXFileReference; fileEncoding = 4; lastKnownFileType = file.storyboard; path = HDKStoryboard_phone.storyboard; sourceTree = "<group>"; };
		67EC0FDE1FF0D850002262A1 /* HDKTest2ViewController.swift */ = {isa = PBXFileReference; fileEncoding = 4; lastKnownFileType = sourcecode.swift; path = HDKTest2ViewController.swift; sourceTree = "<group>"; };
		CD12B61E22D6E38900F7FAF1 /* WebKit.framework */ = {isa = PBXFileReference; lastKnownFileType = wrapper.framework; name = WebKit.framework; path = System/Library/Frameworks/WebKit.framework; sourceTree = SDKROOT; };
		FFF6627B1FCFDB96007D30DD /* HPPluginRepo.app */ = {isa = PBXFileReference; explicitFileType = wrapper.application; includeInIndex = 0; path = HPPluginRepo.app; sourceTree = BUILT_PRODUCTS_DIR; };
		FFF662921FCFDB97007D30DD /* HPPluginRepoTests.xctest */ = {isa = PBXFileReference; explicitFileType = wrapper.cfbundle; includeInIndex = 0; path = HPPluginRepoTests.xctest; sourceTree = BUILT_PRODUCTS_DIR; };
		FFF6629D1FCFDB97007D30DD /* HPPluginRepoUITests.xctest */ = {isa = PBXFileReference; explicitFileType = wrapper.cfbundle; includeInIndex = 0; path = HPPluginRepoUITests.xctest; sourceTree = BUILT_PRODUCTS_DIR; };
		FFF726511FE7A5F3009F093A /* HPPluginRepoUITests.swift */ = {isa = PBXFileReference; fileEncoding = 4; lastKnownFileType = sourcecode.swift; path = HPPluginRepoUITests.swift; sourceTree = "<group>"; };
		FFF726521FE7A5F3009F093A /* Info.plist */ = {isa = PBXFileReference; fileEncoding = 4; lastKnownFileType = text.plist.xml; path = Info.plist; sourceTree = "<group>"; };
		FFF726541FE7A5F4009F093A /* HPPluginRepoTests.swift */ = {isa = PBXFileReference; fileEncoding = 4; lastKnownFileType = sourcecode.swift; path = HPPluginRepoTests.swift; sourceTree = "<group>"; };
		FFF726551FE7A5F4009F093A /* Info.plist */ = {isa = PBXFileReference; fileEncoding = 4; lastKnownFileType = text.plist.xml; path = Info.plist; sourceTree = "<group>"; };
		FFF726771FE7A5F9009F093A /* RootViewController.swift */ = {isa = PBXFileReference; fileEncoding = 4; lastKnownFileType = sourcecode.swift; path = RootViewController.swift; sourceTree = "<group>"; };
		FFF726781FE7A5F9009F093A /* Assets.xcassets */ = {isa = PBXFileReference; lastKnownFileType = folder.assetcatalog; path = Assets.xcassets; sourceTree = "<group>"; };
		FFF7267A1FE7A5F9009F093A /* Base */ = {isa = PBXFileReference; lastKnownFileType = file.storyboard; name = Base; path = Base.lproj/LaunchScreen.storyboard; sourceTree = "<group>"; };
		FFF7267C1FE7A5F9009F093A /* Base */ = {isa = PBXFileReference; lastKnownFileType = file.storyboard; name = Base; path = Base.lproj/Main.storyboard; sourceTree = "<group>"; };
		FFF726811FE7A5F9009F093A /* HPToolKit.xcdatamodel */ = {isa = PBXFileReference; lastKnownFileType = wrapper.xcdatamodel; path = HPToolKit.xcdatamodel; sourceTree = "<group>"; };
		FFF726821FE7A5F9009F093A /* AppDelegate.swift */ = {isa = PBXFileReference; fileEncoding = 4; lastKnownFileType = sourcecode.swift; path = AppDelegate.swift; sourceTree = "<group>"; };
		FFF726831FE7A5F9009F093A /* MyNavigationController.swift */ = {isa = PBXFileReference; fileEncoding = 4; lastKnownFileType = sourcecode.swift; path = MyNavigationController.swift; sourceTree = "<group>"; };
		FFF726971FE7A5F9009F093A /* Info.plist */ = {isa = PBXFileReference; fileEncoding = 4; lastKnownFileType = text.plist.xml; path = Info.plist; sourceTree = "<group>"; };
/* End PBXFileReference section */

/* Begin PBXFrameworksBuildPhase section */
		FFF662781FCFDB96007D30DD /* Frameworks */ = {
			isa = PBXFrameworksBuildPhase;
			buildActionMask = 2147483647;
			files = (
				CD12B61F22D6E38900F7FAF1 /* WebKit.framework in Frameworks */,
			);
			runOnlyForDeploymentPostprocessing = 0;
		};
		FFF6628F1FCFDB97007D30DD /* Frameworks */ = {
			isa = PBXFrameworksBuildPhase;
			buildActionMask = 2147483647;
			files = (
			);
			runOnlyForDeploymentPostprocessing = 0;
		};
		FFF6629A1FCFDB97007D30DD /* Frameworks */ = {
			isa = PBXFrameworksBuildPhase;
			buildActionMask = 2147483647;
			files = (
			);
			runOnlyForDeploymentPostprocessing = 0;
		};
/* End PBXFrameworksBuildPhase section */

/* Begin PBXGroup section */
		67EC0F741FF0D838002262A1 /* Plugins */ = {
			isa = PBXGroup;
			children = (
				67EC0F751FF0D838002262A1 /* HPSlidePlugin */,
				67EC0F7A1FF0D838002262A1 /* HPSerialize */,
				67EC0F7C1FF0D838002262A1 /* HPTaskManager */,
				67EC0F7E1FF0D838002262A1 /* HPPasswordPlugin */,
				67EC0F851FF0D838002262A1 /* HPDebugKit */,
				67EC0F8F1FF0D838002262A1 /* HPCalendarExt */,
			);
			path = Plugins;
			sourceTree = "<group>";
		};
		67EC0F751FF0D838002262A1 /* HPSlidePlugin */ = {
			isa = PBXGroup;
			children = (
				67EC0F761FF0D838002262A1 /* HSPMessageBridge.swift */,
				67EC0F771FF0D838002262A1 /* HSPBottomViewController.swift */,
				67EC0F781FF0D838002262A1 /* HSPParentViewController.swift */,
				67EC0F791FF0D838002262A1 /* HSPTopViewController.swift */,
			);
			path = HPSlidePlugin;
			sourceTree = "<group>";
		};
		67EC0F7A1FF0D838002262A1 /* HPSerialize */ = {
			isa = PBXGroup;
			children = (
				67EC0F7B1FF0D838002262A1 /* HPSerialize.swift */,
			);
			path = HPSerialize;
			sourceTree = "<group>";
		};
		67EC0F7C1FF0D838002262A1 /* HPTaskManager */ = {
			isa = PBXGroup;
			children = (
				67EC0F7D1FF0D838002262A1 /* HPTaskManager.swift */,
			);
			path = HPTaskManager;
			sourceTree = "<group>";
		};
		67EC0F7E1FF0D838002262A1 /* HPPasswordPlugin */ = {
			isa = PBXGroup;
			children = (
				67EC0F7F1FF0D838002262A1 /* HPPasswordView.swift */,
				67EC0F801FF0D838002262A1 /* BuildInViews */,
			);
			path = HPPasswordPlugin;
			sourceTree = "<group>";
		};
		67EC0F801FF0D838002262A1 /* BuildInViews */ = {
			isa = PBXGroup;
			children = (
				67EC0F811FF0D838002262A1 /* HPSimplePasscodeView.xib */,
				67EC0F821FF0D838002262A1 /* HPNineDotView.swift */,
				67EC0F831FF0D838002262A1 /* HPSimplePasscodeView.swift */,
				67EC0F841FF0D838002262A1 /* HPNineDotView.xib */,
			);
			path = BuildInViews;
			sourceTree = "<group>";
		};
		67EC0F851FF0D838002262A1 /* HPDebugKit */ = {
			isa = PBXGroup;
			children = (
				67EC0F861FF0D838002262A1 /* HDKFloatingButton.swift */,
				67EC0F871FF0D838002262A1 /* HDKExtension.swift */,
				67EC0F881FF0D838002262A1 /* resources */,
				67EC0F8B1FF0D838002262A1 /* HDKRootViewController.swift */,
				67EC0F8C1FF0D838002262A1 /* HDKSettingViewController.swift */,
				67EC0F8D1FF0D838002262A1 /* HDKGuideViewController.swift */,
				67EC0F8E1FF0D838002262A1 /* HDKContext.swift */,
			);
			path = HPDebugKit;
			sourceTree = "<group>";
		};
		67EC0F881FF0D838002262A1 /* resources */ = {
			isa = PBXGroup;
			children = (
				67EC0F891FF0D838002262A1 /* guide.html */,
				67EC0F8A1FF0D838002262A1 /* ADKStoryboard_container.storyboard */,
			);
			path = resources;
			sourceTree = "<group>";
		};
		67EC0F8F1FF0D838002262A1 /* HPCalendarExt */ = {
			isa = PBXGroup;
			children = (
				67EC0F901FF0D838002262A1 /* HPCalendarDate.swift */,
				67EC0F911FF0D838002262A1 /* BuildInView */,
			);
			path = HPCalendarExt;
			sourceTree = "<group>";
		};
		67EC0F911FF0D838002262A1 /* BuildInView */ = {
			isa = PBXGroup;
			children = (
				67EC0F921FF0D838002262A1 /* HPCalendarViewCell.swift */,
				67EC0F931FF0D838002262A1 /* HPCalendarView.swift */,
				67EC0F941FF0D838002262A1 /* HPCalendarViewCell.xib */,
				67EC0F951FF0D838002262A1 /* HPCalendarHorizontalLayout.swift */,
				67EC0F961FF0D838002262A1 /* HPCalendarView.xib */,
			);
			path = BuildInView;
			sourceTree = "<group>";
		};
		67EC0FC91FF0D850002262A1 /* Common */ = {
			isa = PBXGroup;
			children = (
				67EC0FCA1FF0D850002262A1 /* HPExts.swift */,
				67EC0FCB1FF0D850002262A1 /* HPGlobal.swift */,
			);
			path = Common;
			sourceTree = "<group>";
		};
		67EC0FCC1FF0D850002262A1 /* Demos */ = {
			isa = PBXGroup;
			children = (
				67EC0FCD1FF0D850002262A1 /* SlidePluginDemo */,
				67EC0FD11FF0D850002262A1 /* HPNavView.swift */,
				67EC0FD21FF0D850002262A1 /* PasswordPluginDemo */,
				67EC0FD41FF0D850002262A1 /* DemoAppSettings.swift */,
				67EC0FD51FF0D850002262A1 /* CalendarDemo */,
				67EC0FD71FF0D850002262A1 /* DebugKitDemo */,
			);
			path = Demos;
			sourceTree = "<group>";
		};
		67EC0FCD1FF0D850002262A1 /* SlidePluginDemo */ = {
			isa = PBXGroup;
			children = (
				67EC0FCE1FF0D850002262A1 /* HSPDemoParentViewController.swift */,
				67EC0FCF1FF0D850002262A1 /* HSPDemoBottomViewController.swift */,
				67EC0FD01FF0D850002262A1 /* HSPDemoTopViewController.swift */,
			);
			path = SlidePluginDemo;
			sourceTree = "<group>";
		};
		67EC0FD21FF0D850002262A1 /* PasswordPluginDemo */ = {
			isa = PBXGroup;
			children = (
				67EC0FD31FF0D850002262A1 /* HPPasswordDemoViewController.swift */,
			);
			path = PasswordPluginDemo;
			sourceTree = "<group>";
		};
		67EC0FD51FF0D850002262A1 /* CalendarDemo */ = {
			isa = PBXGroup;
			children = (
				67EC0FD61FF0D850002262A1 /* HPCalendarViewController.swift */,
			);
			path = CalendarDemo;
			sourceTree = "<group>";
		};
		67EC0FD71FF0D850002262A1 /* DebugKitDemo */ = {
			isa = PBXGroup;
			children = (
				67EC0FD81FF0D850002262A1 /* HDKRootConfig.plist */,
				67EC0FD91FF0D850002262A1 /* HDKPasswordSettingViewController.swift */,
				67EC0FDA1FF0D850002262A1 /* HDKTestViewController.swift */,
				67EC0FDB1FF0D850002262A1 /* HDKSettingEventHandler.swift */,
				67EC0FDC1FF0D850002262A1 /* HDKSettingConfig.plist */,
				67EC0FDD1FF0D850002262A1 /* HDKStoryboard_phone.storyboard */,
				67EC0FDE1FF0D850002262A1 /* HDKTest2ViewController.swift */,
			);
			path = DebugKitDemo;
			sourceTree = "<group>";
		};
		CD12B61D22D6E38900F7FAF1 /* Frameworks */ = {
			isa = PBXGroup;
			children = (
				CD12B61E22D6E38900F7FAF1 /* WebKit.framework */,
			);
			name = Frameworks;
			sourceTree = "<group>";
		};
		FFF662721FCFDB96007D30DD = {
			isa = PBXGroup;
			children = (
				FFF7265A1FE7A5F9009F093A /* HPPluginRepo */,
				FFF726531FE7A5F4009F093A /* HPPluginRepoTests */,
				FFF726501FE7A5F3009F093A /* HPPluginRepoUITests */,
				FFF6627C1FCFDB96007D30DD /* Products */,
				CD12B61D22D6E38900F7FAF1 /* Frameworks */,
			);
			sourceTree = "<group>";
		};
		FFF6627C1FCFDB96007D30DD /* Products */ = {
			isa = PBXGroup;
			children = (
				FFF6627B1FCFDB96007D30DD /* HPPluginRepo.app */,
				FFF662921FCFDB97007D30DD /* HPPluginRepoTests.xctest */,
				FFF6629D1FCFDB97007D30DD /* HPPluginRepoUITests.xctest */,
			);
			name = Products;
			sourceTree = "<group>";
		};
		FFF726501FE7A5F3009F093A /* HPPluginRepoUITests */ = {
			isa = PBXGroup;
			children = (
				FFF726511FE7A5F3009F093A /* HPPluginRepoUITests.swift */,
				FFF726521FE7A5F3009F093A /* Info.plist */,
			);
			path = HPPluginRepoUITests;
			sourceTree = "<group>";
		};
		FFF726531FE7A5F4009F093A /* HPPluginRepoTests */ = {
			isa = PBXGroup;
			children = (
				FFF726541FE7A5F4009F093A /* HPPluginRepoTests.swift */,
				FFF726551FE7A5F4009F093A /* Info.plist */,
			);
			path = HPPluginRepoTests;
			sourceTree = "<group>";
		};
		FFF7265A1FE7A5F9009F093A /* HPPluginRepo */ = {
			isa = PBXGroup;
			children = (
				67EC0FC91FF0D850002262A1 /* Common */,
				67EC0FCC1FF0D850002262A1 /* Demos */,
				67EC0F741FF0D838002262A1 /* Plugins */,
				FFF726771FE7A5F9009F093A /* RootViewController.swift */,
				FFF726781FE7A5F9009F093A /* Assets.xcassets */,
				FFF726791FE7A5F9009F093A /* LaunchScreen.storyboard */,
				FFF7267B1FE7A5F9009F093A /* Main.storyboard */,
				FFF726801FE7A5F9009F093A /* HPPluginRepo.xcdatamodeld */,
				FFF726821FE7A5F9009F093A /* AppDelegate.swift */,
				FFF726831FE7A5F9009F093A /* MyNavigationController.swift */,
				FFF726971FE7A5F9009F093A /* Info.plist */,
			);
			path = HPPluginRepo;
			sourceTree = "<group>";
		};
/* End PBXGroup section */

/* Begin PBXNativeTarget section */
		FFF6627A1FCFDB96007D30DD /* HPPluginRepo */ = {
			isa = PBXNativeTarget;
			buildConfigurationList = FFF662A61FCFDB97007D30DD /* Build configuration list for PBXNativeTarget "HPPluginRepo" */;
			buildPhases = (
				FFF662771FCFDB96007D30DD /* Sources */,
				FFF662781FCFDB96007D30DD /* Frameworks */,
				FFF662791FCFDB96007D30DD /* Resources */,
			);
			buildRules = (
			);
			dependencies = (
			);
			name = HPPluginRepo;
			productName = HPToolKit;
			productReference = FFF6627B1FCFDB96007D30DD /* HPPluginRepo.app */;
			productType = "com.apple.product-type.application";
		};
		FFF662911FCFDB97007D30DD /* HPPluginRepoTests */ = {
			isa = PBXNativeTarget;
			buildConfigurationList = FFF662A91FCFDB97007D30DD /* Build configuration list for PBXNativeTarget "HPPluginRepoTests" */;
			buildPhases = (
				FFF6628E1FCFDB97007D30DD /* Sources */,
				FFF6628F1FCFDB97007D30DD /* Frameworks */,
				FFF662901FCFDB97007D30DD /* Resources */,
			);
			buildRules = (
			);
			dependencies = (
				FFF662941FCFDB97007D30DD /* PBXTargetDependency */,
			);
			name = HPPluginRepoTests;
			productName = HPToolKitTests;
			productReference = FFF662921FCFDB97007D30DD /* HPPluginRepoTests.xctest */;
			productType = "com.apple.product-type.bundle.unit-test";
		};
		FFF6629C1FCFDB97007D30DD /* HPPluginRepoUITests */ = {
			isa = PBXNativeTarget;
			buildConfigurationList = FFF662AC1FCFDB97007D30DD /* Build configuration list for PBXNativeTarget "HPPluginRepoUITests" */;
			buildPhases = (
				FFF662991FCFDB97007D30DD /* Sources */,
				FFF6629A1FCFDB97007D30DD /* Frameworks */,
				FFF6629B1FCFDB97007D30DD /* Resources */,
			);
			buildRules = (
			);
			dependencies = (
				FFF6629F1FCFDB97007D30DD /* PBXTargetDependency */,
			);
			name = HPPluginRepoUITests;
			productName = HPToolKitUITests;
			productReference = FFF6629D1FCFDB97007D30DD /* HPPluginRepoUITests.xctest */;
			productType = "com.apple.product-type.bundle.ui-testing";
		};
/* End PBXNativeTarget section */

/* Begin PBXProject section */
		FFF662731FCFDB96007D30DD /* Project object */ = {
			isa = PBXProject;
			attributes = {
				LastSwiftUpdateCheck = 0900;
				LastUpgradeCheck = 0920;
				ORGANIZATIONNAME = "Hu, Peng";
				TargetAttributes = {
					FFF6627A1FCFDB96007D30DD = {
						CreatedOnToolsVersion = 9.0;
						ProvisioningStyle = Automatic;
					};
					FFF662911FCFDB97007D30DD = {
						CreatedOnToolsVersion = 9.0;
						ProvisioningStyle = Automatic;
						TestTargetID = FFF6627A1FCFDB96007D30DD;
					};
					FFF6629C1FCFDB97007D30DD = {
						CreatedOnToolsVersion = 9.0;
						ProvisioningStyle = Automatic;
						TestTargetID = FFF6627A1FCFDB96007D30DD;
					};
				};
			};
			buildConfigurationList = FFF662761FCFDB96007D30DD /* Build configuration list for PBXProject "HPPluginRepo" */;
			compatibilityVersion = "Xcode 8.0";
			developmentRegion = en;
			hasScannedForEncodings = 0;
			knownRegions = (
				en,
				Base,
			);
			mainGroup = FFF662721FCFDB96007D30DD;
			productRefGroup = FFF6627C1FCFDB96007D30DD /* Products */;
			projectDirPath = "";
			projectRoot = "";
			targets = (
				FFF6627A1FCFDB96007D30DD /* HPPluginRepo */,
				FFF662911FCFDB97007D30DD /* HPPluginRepoTests */,
				FFF6629C1FCFDB97007D30DD /* HPPluginRepoUITests */,
			);
		};
/* End PBXProject section */

/* Begin PBXResourcesBuildPhase section */
		FFF662791FCFDB96007D30DD /* Resources */ = {
			isa = PBXResourcesBuildPhase;
			buildActionMask = 2147483647;
			files = (
				67EC0FF91FF0D850002262A1 /* HDKSettingConfig.plist in Resources */,
				FFF726AF1FE7A5FA009F093A /* LaunchScreen.storyboard in Resources */,
				67EC0FA51FF0D838002262A1 /* HPSimplePasscodeView.xib in Resources */,
				67EC0FF11FF0D850002262A1 /* HDKRootConfig.plist in Resources */,
				67EC0FB11FF0D838002262A1 /* guide.html in Resources */,
				FFF726B01FE7A5FA009F093A /* Main.storyboard in Resources */,
				67EC0FC31FF0D838002262A1 /* HPCalendarViewCell.xib in Resources */,
				67EC0FC71FF0D838002262A1 /* HPCalendarView.xib in Resources */,
				67EC0FAB1FF0D838002262A1 /* HPNineDotView.xib in Resources */,
				67EC0FB31FF0D838002262A1 /* ADKStoryboard_container.storyboard in Resources */,
				67EC0FFB1FF0D850002262A1 /* HDKStoryboard_phone.storyboard in Resources */,
				FFF726AE1FE7A5FA009F093A /* Assets.xcassets in Resources */,
			);
			runOnlyForDeploymentPostprocessing = 0;
		};
		FFF662901FCFDB97007D30DD /* Resources */ = {
			isa = PBXResourcesBuildPhase;
			buildActionMask = 2147483647;
			files = (
				67EC0FA61FF0D838002262A1 /* HPSimplePasscodeView.xib in Resources */,
				67EC0FAC1FF0D838002262A1 /* HPNineDotView.xib in Resources */,
				67EC0F701FF0D800002262A1 /* Main.storyboard in Resources */,
				67EC0FC81FF0D838002262A1 /* HPCalendarView.xib in Resources */,
				67EC0FB41FF0D838002262A1 /* ADKStoryboard_container.storyboard in Resources */,
				67EC0FC41FF0D838002262A1 /* HPCalendarViewCell.xib in Resources */,
				67EC0FFC1FF0D850002262A1 /* HDKStoryboard_phone.storyboard in Resources */,
				67EC0FF21FF0D850002262A1 /* HDKRootConfig.plist in Resources */,
				67EC0FB21FF0D838002262A1 /* guide.html in Resources */,
				67EC0FFA1FF0D850002262A1 /* HDKSettingConfig.plist in Resources */,
			);
			runOnlyForDeploymentPostprocessing = 0;
		};
		FFF6629B1FCFDB97007D30DD /* Resources */ = {
			isa = PBXResourcesBuildPhase;
			buildActionMask = 2147483647;
			files = (
				67EC0F711FF0D803002262A1 /* Main.storyboard in Resources */,
			);
			runOnlyForDeploymentPostprocessing = 0;
		};
/* End PBXResourcesBuildPhase section */

/* Begin PBXSourcesBuildPhase section */
		FFF662771FCFDB96007D30DD /* Sources */ = {
			isa = PBXSourcesBuildPhase;
			buildActionMask = 2147483647;
			files = (
				FFF726AD1FE7A5FA009F093A /* RootViewController.swift in Sources */,
				67EC0FB91FF0D838002262A1 /* HDKGuideViewController.swift in Sources */,
				67EC0FAD1FF0D838002262A1 /* HDKFloatingButton.swift in Sources */,
				67EC0FB71FF0D838002262A1 /* HDKSettingViewController.swift in Sources */,
				67EC0FBB1FF0D838002262A1 /* HDKContext.swift in Sources */,
				67EC0FB51FF0D838002262A1 /* HDKRootViewController.swift in Sources */,
				67EC0FBD1FF0D838002262A1 /* HPCalendarDate.swift in Sources */,
				67EC0FAF1FF0D838002262A1 /* HDKExtension.swift in Sources */,
				67EC0FF71FF0D850002262A1 /* HDKSettingEventHandler.swift in Sources */,
				FFF726B51FE7A5FA009F093A /* MyNavigationController.swift in Sources */,
				67EC0FE31FF0D850002262A1 /* HSPDemoParentViewController.swift in Sources */,
				67EC0FEF1FF0D850002262A1 /* HPCalendarViewController.swift in Sources */,
				67EC0FA11FF0D838002262A1 /* HPTaskManager.swift in Sources */,
				67EC0FE71FF0D850002262A1 /* HSPDemoTopViewController.swift in Sources */,
				FFF726B31FE7A5FA009F093A /* HPPluginRepo.xcdatamodeld in Sources */,
				67EC0F9F1FF0D838002262A1 /* HPSerialize.swift in Sources */,
				67EC0FE91FF0D850002262A1 /* HPNavView.swift in Sources */,
				67EC0F9B1FF0D838002262A1 /* HSPParentViewController.swift in Sources */,
				67EC0FA91FF0D838002262A1 /* HPSimplePasscodeView.swift in Sources */,
				67EC0FFD1FF0D850002262A1 /* HDKTest2ViewController.swift in Sources */,
				67EC0F9D1FF0D838002262A1 /* HSPTopViewController.swift in Sources */,
				67EC0FE11FF0D850002262A1 /* HPGlobal.swift in Sources */,
				67EC0FBF1FF0D838002262A1 /* HPCalendarViewCell.swift in Sources */,
				FFF726B41FE7A5FA009F093A /* AppDelegate.swift in Sources */,
				67EC0F991FF0D838002262A1 /* HSPBottomViewController.swift in Sources */,
				67EC0FE51FF0D850002262A1 /* HSPDemoBottomViewController.swift in Sources */,
				67EC0FF51FF0D850002262A1 /* HDKTestViewController.swift in Sources */,
				67EC0FA71FF0D838002262A1 /* HPNineDotView.swift in Sources */,
				67EC0FDF1FF0D850002262A1 /* HPExts.swift in Sources */,
				67EC0FF31FF0D850002262A1 /* HDKPasswordSettingViewController.swift in Sources */,
				67EC0FED1FF0D850002262A1 /* DemoAppSettings.swift in Sources */,
				67EC0FA31FF0D838002262A1 /* HPPasswordView.swift in Sources */,
				67EC0FEB1FF0D850002262A1 /* HPPasswordDemoViewController.swift in Sources */,
				67EC0FC11FF0D838002262A1 /* HPCalendarView.swift in Sources */,
				67EC0F971FF0D838002262A1 /* HSPMessageBridge.swift in Sources */,
				67EC0FC51FF0D838002262A1 /* HPCalendarHorizontalLayout.swift in Sources */,
			);
			runOnlyForDeploymentPostprocessing = 0;
		};
		FFF6628E1FCFDB97007D30DD /* Sources */ = {
			isa = PBXSourcesBuildPhase;
			buildActionMask = 2147483647;
			files = (
				67EC0FE41FF0D850002262A1 /* HSPDemoParentViewController.swift in Sources */,
				67EC0F9A1FF0D838002262A1 /* HSPBottomViewController.swift in Sources */,
				67EC0FF41FF0D850002262A1 /* HDKPasswordSettingViewController.swift in Sources */,
				67EC0FB01FF0D838002262A1 /* HDKExtension.swift in Sources */,
				67EC0F6F1FF0D7FA002262A1 /* RootViewController.swift in Sources */,
				67EC0FF61FF0D850002262A1 /* HDKTestViewController.swift in Sources */,
				67EC0FBE1FF0D838002262A1 /* HPCalendarDate.swift in Sources */,
				67EC0F6D1FF0D7DD002262A1 /* AppDelegate.swift in Sources */,
				67EC0FE01FF0D850002262A1 /* HPExts.swift in Sources */,
				67EC0FEE1FF0D850002262A1 /* DemoAppSettings.swift in Sources */,
				67EC0FE21FF0D850002262A1 /* HPGlobal.swift in Sources */,
				67EC0FC21FF0D838002262A1 /* HPCalendarView.swift in Sources */,
				67EC0FFE1FF0D850002262A1 /* HDKTest2ViewController.swift in Sources */,
				FFF726C51FE7A8C1009F093A /* HPPluginRepoTests.swift in Sources */,
				67EC0FEA1FF0D850002262A1 /* HPNavView.swift in Sources */,
				67EC0FB61FF0D838002262A1 /* HDKRootViewController.swift in Sources */,
				67EC0FAA1FF0D838002262A1 /* HPSimplePasscodeView.swift in Sources */,
				67EC0FE61FF0D850002262A1 /* HSPDemoBottomViewController.swift in Sources */,
				67EC0F9C1FF0D838002262A1 /* HSPParentViewController.swift in Sources */,
				67EC0FC61FF0D838002262A1 /* HPCalendarHorizontalLayout.swift in Sources */,
				67EC0FBA1FF0D838002262A1 /* HDKGuideViewController.swift in Sources */,
				67EC0F6E1FF0D7E0002262A1 /* HPPluginRepo.xcdatamodeld in Sources */,
				67EC0FA01FF0D838002262A1 /* HPSerialize.swift in Sources */,
				67EC0FA81FF0D838002262A1 /* HPNineDotView.swift in Sources */,
				67EC0FEC1FF0D850002262A1 /* HPPasswordDemoViewController.swift in Sources */,
				67EC0F9E1FF0D838002262A1 /* HSPTopViewController.swift in Sources */,
				67EC0F981FF0D838002262A1 /* HSPMessageBridge.swift in Sources */,
				67EC0FA41FF0D838002262A1 /* HPPasswordView.swift in Sources */,
				67EC0F6C1FF0D7CC002262A1 /* MyNavigationController.swift in Sources */,
				67EC0FF01FF0D850002262A1 /* HPCalendarViewController.swift in Sources */,
				67EC0FB81FF0D838002262A1 /* HDKSettingViewController.swift in Sources */,
				67EC0FE81FF0D850002262A1 /* HSPDemoTopViewController.swift in Sources */,
				67EC0FA21FF0D838002262A1 /* HPTaskManager.swift in Sources */,
				67EC0FF81FF0D850002262A1 /* HDKSettingEventHandler.swift in Sources */,
				67EC0FAE1FF0D838002262A1 /* HDKFloatingButton.swift in Sources */,
				67EC0FC01FF0D838002262A1 /* HPCalendarViewCell.swift in Sources */,
				67EC0FBC1FF0D838002262A1 /* HDKContext.swift in Sources */,
			);
			runOnlyForDeploymentPostprocessing = 0;
		};
		FFF662991FCFDB97007D30DD /* Sources */ = {
			isa = PBXSourcesBuildPhase;
			buildActionMask = 2147483647;
			files = (
				FFF726C71FE7A8CB009F093A /* HPPluginRepoUITests.swift in Sources */,
			);
			runOnlyForDeploymentPostprocessing = 0;
		};
/* End PBXSourcesBuildPhase section */

/* Begin PBXTargetDependency section */
		FFF662941FCFDB97007D30DD /* PBXTargetDependency */ = {
			isa = PBXTargetDependency;
			target = FFF6627A1FCFDB96007D30DD /* HPPluginRepo */;
			targetProxy = FFF662931FCFDB97007D30DD /* PBXContainerItemProxy */;
		};
		FFF6629F1FCFDB97007D30DD /* PBXTargetDependency */ = {
			isa = PBXTargetDependency;
			target = FFF6627A1FCFDB96007D30DD /* HPPluginRepo */;
			targetProxy = FFF6629E1FCFDB97007D30DD /* PBXContainerItemProxy */;
		};
/* End PBXTargetDependency section */

/* Begin PBXVariantGroup section */
		FFF726791FE7A5F9009F093A /* LaunchScreen.storyboard */ = {
			isa = PBXVariantGroup;
			children = (
				FFF7267A1FE7A5F9009F093A /* Base */,
			);
			name = LaunchScreen.storyboard;
			sourceTree = "<group>";
		};
		FFF7267B1FE7A5F9009F093A /* Main.storyboard */ = {
			isa = PBXVariantGroup;
			children = (
				FFF7267C1FE7A5F9009F093A /* Base */,
			);
			name = Main.storyboard;
			sourceTree = "<group>";
		};
/* End PBXVariantGroup section */

/* Begin XCBuildConfiguration section */
		FFF662A41FCFDB97007D30DD /* Debug */ = {
			isa = XCBuildConfiguration;
			buildSettings = {
				ALWAYS_SEARCH_USER_PATHS = NO;
				CLANG_ANALYZER_NONNULL = YES;
				CLANG_ANALYZER_NUMBER_OBJECT_CONVERSION = YES_AGGRESSIVE;
				CLANG_CXX_LANGUAGE_STANDARD = "gnu++14";
				CLANG_CXX_LIBRARY = "libc++";
				CLANG_ENABLE_MODULES = YES;
				CLANG_ENABLE_OBJC_ARC = YES;
				CLANG_WARN_BLOCK_CAPTURE_AUTORELEASING = YES;
				CLANG_WARN_BOOL_CONVERSION = YES;
				CLANG_WARN_COMMA = YES;
				CLANG_WARN_CONSTANT_CONVERSION = YES;
				CLANG_WARN_DIRECT_OBJC_ISA_USAGE = YES_ERROR;
				CLANG_WARN_DOCUMENTATION_COMMENTS = YES;
				CLANG_WARN_EMPTY_BODY = YES;
				CLANG_WARN_ENUM_CONVERSION = YES;
				CLANG_WARN_INFINITE_RECURSION = YES;
				CLANG_WARN_INT_CONVERSION = YES;
				CLANG_WARN_NON_LITERAL_NULL_CONVERSION = YES;
				CLANG_WARN_OBJC_LITERAL_CONVERSION = YES;
				CLANG_WARN_OBJC_ROOT_CLASS = YES_ERROR;
				CLANG_WARN_RANGE_LOOP_ANALYSIS = YES;
				CLANG_WARN_STRICT_PROTOTYPES = YES;
				CLANG_WARN_SUSPICIOUS_MOVE = YES;
				CLANG_WARN_UNGUARDED_AVAILABILITY = YES_AGGRESSIVE;
				CLANG_WARN_UNREACHABLE_CODE = YES;
				CLANG_WARN__DUPLICATE_METHOD_MATCH = YES;
				CODE_SIGN_IDENTITY = "iPhone Developer";
				COPY_PHASE_STRIP = NO;
				DEBUG_INFORMATION_FORMAT = dwarf;
				ENABLE_STRICT_OBJC_MSGSEND = YES;
				ENABLE_TESTABILITY = YES;
				GCC_C_LANGUAGE_STANDARD = gnu11;
				GCC_DYNAMIC_NO_PIC = NO;
				GCC_NO_COMMON_BLOCKS = YES;
				GCC_OPTIMIZATION_LEVEL = 0;
				GCC_PREPROCESSOR_DEFINITIONS = (
					"DEBUG=1",
					"$(inherited)",
				);
				GCC_WARN_64_TO_32_BIT_CONVERSION = YES;
				GCC_WARN_ABOUT_RETURN_TYPE = YES_ERROR;
				GCC_WARN_UNDECLARED_SELECTOR = YES;
				GCC_WARN_UNINITIALIZED_AUTOS = YES_AGGRESSIVE;
				GCC_WARN_UNUSED_FUNCTION = YES;
				GCC_WARN_UNUSED_VARIABLE = YES;
				IPHONEOS_DEPLOYMENT_TARGET = 11.0;
				MTL_ENABLE_DEBUG_INFO = YES;
				ONLY_ACTIVE_ARCH = YES;
				SDKROOT = iphoneos;
				SWIFT_ACTIVE_COMPILATION_CONDITIONS = DEBUG;
				SWIFT_OPTIMIZATION_LEVEL = "-Onone";
			};
			name = Debug;
		};
		FFF662A51FCFDB97007D30DD /* Release */ = {
			isa = XCBuildConfiguration;
			buildSettings = {
				ALWAYS_SEARCH_USER_PATHS = NO;
				CLANG_ANALYZER_NONNULL = YES;
				CLANG_ANALYZER_NUMBER_OBJECT_CONVERSION = YES_AGGRESSIVE;
				CLANG_CXX_LANGUAGE_STANDARD = "gnu++14";
				CLANG_CXX_LIBRARY = "libc++";
				CLANG_ENABLE_MODULES = YES;
				CLANG_ENABLE_OBJC_ARC = YES;
				CLANG_WARN_BLOCK_CAPTURE_AUTORELEASING = YES;
				CLANG_WARN_BOOL_CONVERSION = YES;
				CLANG_WARN_COMMA = YES;
				CLANG_WARN_CONSTANT_CONVERSION = YES;
				CLANG_WARN_DIRECT_OBJC_ISA_USAGE = YES_ERROR;
				CLANG_WARN_DOCUMENTATION_COMMENTS = YES;
				CLANG_WARN_EMPTY_BODY = YES;
				CLANG_WARN_ENUM_CONVERSION = YES;
				CLANG_WARN_INFINITE_RECURSION = YES;
				CLANG_WARN_INT_CONVERSION = YES;
				CLANG_WARN_NON_LITERAL_NULL_CONVERSION = YES;
				CLANG_WARN_OBJC_LITERAL_CONVERSION = YES;
				CLANG_WARN_OBJC_ROOT_CLASS = YES_ERROR;
				CLANG_WARN_RANGE_LOOP_ANALYSIS = YES;
				CLANG_WARN_STRICT_PROTOTYPES = YES;
				CLANG_WARN_SUSPICIOUS_MOVE = YES;
				CLANG_WARN_UNGUARDED_AVAILABILITY = YES_AGGRESSIVE;
				CLANG_WARN_UNREACHABLE_CODE = YES;
				CLANG_WARN__DUPLICATE_METHOD_MATCH = YES;
				CODE_SIGN_IDENTITY = "iPhone Developer";
				COPY_PHASE_STRIP = NO;
				DEBUG_INFORMATION_FORMAT = "dwarf-with-dsym";
				ENABLE_NS_ASSERTIONS = NO;
				ENABLE_STRICT_OBJC_MSGSEND = YES;
				GCC_C_LANGUAGE_STANDARD = gnu11;
				GCC_NO_COMMON_BLOCKS = YES;
				GCC_WARN_64_TO_32_BIT_CONVERSION = YES;
				GCC_WARN_ABOUT_RETURN_TYPE = YES_ERROR;
				GCC_WARN_UNDECLARED_SELECTOR = YES;
				GCC_WARN_UNINITIALIZED_AUTOS = YES_AGGRESSIVE;
				GCC_WARN_UNUSED_FUNCTION = YES;
				GCC_WARN_UNUSED_VARIABLE = YES;
				IPHONEOS_DEPLOYMENT_TARGET = 11.0;
				MTL_ENABLE_DEBUG_INFO = NO;
				SDKROOT = iphoneos;
				SWIFT_OPTIMIZATION_LEVEL = "-Owholemodule";
				VALIDATE_PRODUCT = YES;
			};
			name = Release;
		};
		FFF662A71FCFDB97007D30DD /* Debug */ = {
			isa = XCBuildConfiguration;
			buildSettings = {
				ASSETCATALOG_COMPILER_APPICON_NAME = AppIcon;
				CODE_SIGN_STYLE = Automatic;
				DEVELOPMENT_TEAM = 8ZXHY2B6NF;
				INFOPLIST_FILE = HPPluginRepo/Info.plist;
				LD_RUNPATH_SEARCH_PATHS = "$(inherited) @executable_path/Frameworks";
				PRODUCT_BUNDLE_IDENTIFIER = Personal.HPPluginRepo;
				PRODUCT_NAME = "$(TARGET_NAME)";
				SWIFT_VERSION = 4.0;
				TARGETED_DEVICE_FAMILY = "1,2";
			};
			name = Debug;
		};
		FFF662A81FCFDB97007D30DD /* Release */ = {
			isa = XCBuildConfiguration;
			buildSettings = {
				ASSETCATALOG_COMPILER_APPICON_NAME = AppIcon;
				CODE_SIGN_STYLE = Automatic;
				DEVELOPMENT_TEAM = 8ZXHY2B6NF;
				INFOPLIST_FILE = HPPluginRepo/Info.plist;
				LD_RUNPATH_SEARCH_PATHS = "$(inherited) @executable_path/Frameworks";
				PRODUCT_BUNDLE_IDENTIFIER = Personal.HPPluginRepo;
				PRODUCT_NAME = "$(TARGET_NAME)";
				SWIFT_VERSION = 4.0;
				TARGETED_DEVICE_FAMILY = "1,2";
			};
			name = Release;
		};
		FFF662AA1FCFDB97007D30DD /* Debug */ = {
			isa = XCBuildConfiguration;
			buildSettings = {
				ALWAYS_EMBED_SWIFT_STANDARD_LIBRARIES = YES;
				BUNDLE_LOADER = "$(TEST_HOST)";
				CODE_SIGN_STYLE = Automatic;
				DEVELOPMENT_TEAM = 8ZXHY2B6NF;
				INFOPLIST_FILE = HPPluginRepoTests/Info.plist;
				LD_RUNPATH_SEARCH_PATHS = "$(inherited) @executable_path/Frameworks @loader_path/Frameworks";
				PRODUCT_BUNDLE_IDENTIFIER = Personal.HPPluginRepoTests;
				PRODUCT_NAME = "$(TARGET_NAME)";
				SWIFT_VERSION = 4.0;
				TARGETED_DEVICE_FAMILY = "1,2";
				TEST_HOST = "$(BUILT_PRODUCTS_DIR)/HPPluginRepo.app/HPPluginRepo";
			};
			name = Debug;
		};
		FFF662AB1FCFDB97007D30DD /* Release */ = {
			isa = XCBuildConfiguration;
			buildSettings = {
				ALWAYS_EMBED_SWIFT_STANDARD_LIBRARIES = YES;
				BUNDLE_LOADER = "$(TEST_HOST)";
				CODE_SIGN_STYLE = Automatic;
				DEVELOPMENT_TEAM = 8ZXHY2B6NF;
				INFOPLIST_FILE = HPPluginRepoTests/Info.plist;
				LD_RUNPATH_SEARCH_PATHS = "$(inherited) @executable_path/Frameworks @loader_path/Frameworks";
				PRODUCT_BUNDLE_IDENTIFIER = Personal.HPPluginRepoTests;
				PRODUCT_NAME = "$(TARGET_NAME)";
				SWIFT_VERSION = 4.0;
				TARGETED_DEVICE_FAMILY = "1,2";
				TEST_HOST = "$(BUILT_PRODUCTS_DIR)/HPPluginRepo.app/HPPluginRepo";
			};
			name = Release;
		};
		FFF662AD1FCFDB97007D30DD /* Debug */ = {
			isa = XCBuildConfiguration;
			buildSettings = {
				ALWAYS_EMBED_SWIFT_STANDARD_LIBRARIES = YES;
				CODE_SIGN_STYLE = Automatic;
				DEVELOPMENT_TEAM = 8ZXHY2B6NF;
				INFOPLIST_FILE = HPPluginRepoUITests/Info.plist;
				LD_RUNPATH_SEARCH_PATHS = "$(inherited) @executable_path/Frameworks @loader_path/Frameworks";
				PRODUCT_BUNDLE_IDENTIFIER = Personal.HPPluginRepoUITests;
				PRODUCT_NAME = "$(TARGET_NAME)";
				SWIFT_VERSION = 4.0;
				TARGETED_DEVICE_FAMILY = "1,2";
				TEST_TARGET_NAME = HPPluginRepo;
			};
			name = Debug;
		};
		FFF662AE1FCFDB97007D30DD /* Release */ = {
			isa = XCBuildConfiguration;
			buildSettings = {
				ALWAYS_EMBED_SWIFT_STANDARD_LIBRARIES = YES;
				CODE_SIGN_STYLE = Automatic;
				DEVELOPMENT_TEAM = 8ZXHY2B6NF;
				INFOPLIST_FILE = HPPluginRepoUITests/Info.plist;
				LD_RUNPATH_SEARCH_PATHS = "$(inherited) @executable_path/Frameworks @loader_path/Frameworks";
				PRODUCT_BUNDLE_IDENTIFIER = Personal.HPPluginRepoUITests;
				PRODUCT_NAME = "$(TARGET_NAME)";
				SWIFT_VERSION = 4.0;
				TARGETED_DEVICE_FAMILY = "1,2";
				TEST_TARGET_NAME = HPPluginRepo;
			};
			name = Release;
		};
/* End XCBuildConfiguration section */

/* Begin XCConfigurationList section */
		FFF662761FCFDB96007D30DD /* Build configuration list for PBXProject "HPPluginRepo" */ = {
			isa = XCConfigurationList;
			buildConfigurations = (
				FFF662A41FCFDB97007D30DD /* Debug */,
				FFF662A51FCFDB97007D30DD /* Release */,
			);
			defaultConfigurationIsVisible = 0;
			defaultConfigurationName = Release;
		};
		FFF662A61FCFDB97007D30DD /* Build configuration list for PBXNativeTarget "HPPluginRepo" */ = {
			isa = XCConfigurationList;
			buildConfigurations = (
				FFF662A71FCFDB97007D30DD /* Debug */,
				FFF662A81FCFDB97007D30DD /* Release */,
			);
			defaultConfigurationIsVisible = 0;
			defaultConfigurationName = Release;
		};
		FFF662A91FCFDB97007D30DD /* Build configuration list for PBXNativeTarget "HPPluginRepoTests" */ = {
			isa = XCConfigurationList;
			buildConfigurations = (
				FFF662AA1FCFDB97007D30DD /* Debug */,
				FFF662AB1FCFDB97007D30DD /* Release */,
			);
			defaultConfigurationIsVisible = 0;
			defaultConfigurationName = Release;
		};
		FFF662AC1FCFDB97007D30DD /* Build configuration list for PBXNativeTarget "HPPluginRepoUITests" */ = {
			isa = XCConfigurationList;
			buildConfigurations = (
				FFF662AD1FCFDB97007D30DD /* Debug */,
				FFF662AE1FCFDB97007D30DD /* Release */,
			);
			defaultConfigurationIsVisible = 0;
			defaultConfigurationName = Release;
		};
/* End XCConfigurationList section */

/* Begin XCVersionGroup section */
		FFF726801FE7A5F9009F093A /* HPPluginRepo.xcdatamodeld */ = {
			isa = XCVersionGroup;
			children = (
				FFF726811FE7A5F9009F093A /* HPToolKit.xcdatamodel */,
			);
			currentVersion = FFF726811FE7A5F9009F093A /* HPToolKit.xcdatamodel */;
			path = HPPluginRepo.xcdatamodeld;
			sourceTree = "<group>";
			versionGroupType = wrapper.xcdatamodel;
		};
/* End XCVersionGroup section */
	};
	rootObject = FFF662731FCFDB96007D30DD /* Project object */;
}
