// !$*UTF8*$!
{
	archiveVersion = 1;
	classes = {
	};
	objectVersion = 48;
	objects = {

/* Begin PBXBuildFile section */
		FF04BE5A1FE8F2DC00A4D86D /* HPCalendarDate.swift in Sources */ = {isa = PBXBuildFile; fileRef = FF04BE531FE8F2DC00A4D86D /* HPCalendarDate.swift */; };
		FF04BE5B1FE8F2DC00A4D86D /* HPCalendarViewCell.swift in Sources */ = {isa = PBXBuildFile; fileRef = FF04BE551FE8F2DC00A4D86D /* HPCalendarViewCell.swift */; };
		FF04BE5C1FE8F2DC00A4D86D /* HPCalendarView.swift in Sources */ = {isa = PBXBuildFile; fileRef = FF04BE561FE8F2DC00A4D86D /* HPCalendarView.swift */; };
		FF04BE5D1FE8F2DC00A4D86D /* HPCalendarViewCell.xib in Resources */ = {isa = PBXBuildFile; fileRef = FF04BE571FE8F2DC00A4D86D /* HPCalendarViewCell.xib */; };
		FF04BE5E1FE8F2DC00A4D86D /* HPCalendarHorizontalLayout.swift in Sources */ = {isa = PBXBuildFile; fileRef = FF04BE581FE8F2DC00A4D86D /* HPCalendarHorizontalLayout.swift */; };
		FF04BE5F1FE8F2DC00A4D86D /* HPCalendarView.xib in Resources */ = {isa = PBXBuildFile; fileRef = FF04BE591FE8F2DC00A4D86D /* HPCalendarView.xib */; };
		FFF7269E1FE7A5FA009F093A /* HPPasswordView.swift in Sources */ = {isa = PBXBuildFile; fileRef = FFF726641FE7A5F9009F093A /* HPPasswordView.swift */; };
		FFF7269F1FE7A5FA009F093A /* HPNineDotView.swift in Sources */ = {isa = PBXBuildFile; fileRef = FFF726661FE7A5F9009F093A /* HPNineDotView.swift */; };
		FFF726A01FE7A5FA009F093A /* HPNineDotView.xib in Resources */ = {isa = PBXBuildFile; fileRef = FFF726671FE7A5F9009F093A /* HPNineDotView.xib */; };
		FFF726A11FE7A5FA009F093A /* ADKSettingViewController.swift in Sources */ = {isa = PBXBuildFile; fileRef = FFF726691FE7A5F9009F093A /* ADKSettingViewController.swift */; };
		FFF726A21FE7A5FA009F093A /* guide.html in Resources */ = {isa = PBXBuildFile; fileRef = FFF7266B1FE7A5F9009F093A /* guide.html */; };
		FFF726A31FE7A5FA009F093A /* ADKStoryboard_container.storyboard in Resources */ = {isa = PBXBuildFile; fileRef = FFF7266C1FE7A5F9009F093A /* ADKStoryboard_container.storyboard */; };
		FFF726A41FE7A5FA009F093A /* ADKGuideViewController.swift in Sources */ = {isa = PBXBuildFile; fileRef = FFF7266D1FE7A5F9009F093A /* ADKGuideViewController.swift */; };
		FFF726A51FE7A5FA009F093A /* ADKRootViewController.swift in Sources */ = {isa = PBXBuildFile; fileRef = FFF7266E1FE7A5F9009F093A /* ADKRootViewController.swift */; };
		FFF726A61FE7A5FA009F093A /* ADKFloatingButton.swift in Sources */ = {isa = PBXBuildFile; fileRef = FFF7266F1FE7A5F9009F093A /* ADKFloatingButton.swift */; };
		FFF726A71FE7A5FA009F093A /* ADKExtension.swift in Sources */ = {isa = PBXBuildFile; fileRef = FFF726701FE7A5F9009F093A /* ADKExtension.swift */; };
		FFF726A81FE7A5FA009F093A /* ADKContext.swift in Sources */ = {isa = PBXBuildFile; fileRef = FFF726711FE7A5F9009F093A /* ADKContext.swift */; };
		FFF726A91FE7A5FA009F093A /* ASPBottomViewController.swift in Sources */ = {isa = PBXBuildFile; fileRef = FFF726731FE7A5F9009F093A /* ASPBottomViewController.swift */; };
		FFF726AA1FE7A5FA009F093A /* ASPParentViewController.swift in Sources */ = {isa = PBXBuildFile; fileRef = FFF726741FE7A5F9009F093A /* ASPParentViewController.swift */; };
		FFF726AB1FE7A5FA009F093A /* ASPTopViewController.swift in Sources */ = {isa = PBXBuildFile; fileRef = FFF726751FE7A5F9009F093A /* ASPTopViewController.swift */; };
		FFF726AC1FE7A5FA009F093A /* ASPMessageBridge.swift in Sources */ = {isa = PBXBuildFile; fileRef = FFF726761FE7A5F9009F093A /* ASPMessageBridge.swift */; };
		FFF726AD1FE7A5FA009F093A /* RootViewController.swift in Sources */ = {isa = PBXBuildFile; fileRef = FFF726771FE7A5F9009F093A /* RootViewController.swift */; };
		FFF726AE1FE7A5FA009F093A /* Assets.xcassets in Resources */ = {isa = PBXBuildFile; fileRef = FFF726781FE7A5F9009F093A /* Assets.xcassets */; };
		FFF726AF1FE7A5FA009F093A /* LaunchScreen.storyboard in Resources */ = {isa = PBXBuildFile; fileRef = FFF726791FE7A5F9009F093A /* LaunchScreen.storyboard */; };
		FFF726B01FE7A5FA009F093A /* Main.storyboard in Resources */ = {isa = PBXBuildFile; fileRef = FFF7267B1FE7A5F9009F093A /* Main.storyboard */; };
		FFF726B11FE7A5FA009F093A /* AnwExts.swift in Sources */ = {isa = PBXBuildFile; fileRef = FFF7267E1FE7A5F9009F093A /* AnwExts.swift */; };
		FFF726B21FE7A5FA009F093A /* AnwMacros.swift in Sources */ = {isa = PBXBuildFile; fileRef = FFF7267F1FE7A5F9009F093A /* AnwMacros.swift */; };
		FFF726B31FE7A5FA009F093A /* HPPluginRepo.xcdatamodeld in Sources */ = {isa = PBXBuildFile; fileRef = FFF726801FE7A5F9009F093A /* HPPluginRepo.xcdatamodeld */; };
		FFF726B41FE7A5FA009F093A /* AppDelegate.swift in Sources */ = {isa = PBXBuildFile; fileRef = FFF726821FE7A5F9009F093A /* AppDelegate.swift */; };
		FFF726B51FE7A5FA009F093A /* MyNavigationController.swift in Sources */ = {isa = PBXBuildFile; fileRef = FFF726831FE7A5F9009F093A /* MyNavigationController.swift */; };
		FFF726B61FE7A5FA009F093A /* ASPDemoTopViewController.swift in Sources */ = {isa = PBXBuildFile; fileRef = FFF726861FE7A5F9009F093A /* ASPDemoTopViewController.swift */; };
		FFF726B71FE7A5FA009F093A /* ASPDemoBottomViewController.swift in Sources */ = {isa = PBXBuildFile; fileRef = FFF726871FE7A5F9009F093A /* ASPDemoBottomViewController.swift */; };
		FFF726B81FE7A5FA009F093A /* ASPDemoParentViewController.swift in Sources */ = {isa = PBXBuildFile; fileRef = FFF726881FE7A5F9009F093A /* ASPDemoParentViewController.swift */; };
		FFF726B91FE7A5FA009F093A /* HPNavView.swift in Sources */ = {isa = PBXBuildFile; fileRef = FFF726891FE7A5F9009F093A /* HPNavView.swift */; };
		FFF726BA1FE7A5FA009F093A /* AnwPasswordDemoViewController.swift in Sources */ = {isa = PBXBuildFile; fileRef = FFF7268B1FE7A5F9009F093A /* AnwPasswordDemoViewController.swift */; };
		FFF726BB1FE7A5FA009F093A /* DemoAppSettings.swift in Sources */ = {isa = PBXBuildFile; fileRef = FFF7268C1FE7A5F9009F093A /* DemoAppSettings.swift */; };
		FFF726BC1FE7A5FA009F093A /* AnwCalendarViewController.swift in Sources */ = {isa = PBXBuildFile; fileRef = FFF7268E1FE7A5F9009F093A /* AnwCalendarViewController.swift */; };
		FFF726BD1FE7A5FA009F093A /* ADKTest2ViewController.swift in Sources */ = {isa = PBXBuildFile; fileRef = FFF726901FE7A5F9009F093A /* ADKTest2ViewController.swift */; };
		FFF726BE1FE7A5FA009F093A /* ADKStoryboard_phone.storyboard in Resources */ = {isa = PBXBuildFile; fileRef = FFF726911FE7A5F9009F093A /* ADKStoryboard_phone.storyboard */; };
		FFF726BF1FE7A5FA009F093A /* ADKSettingConfig.plist in Resources */ = {isa = PBXBuildFile; fileRef = FFF726921FE7A5F9009F093A /* ADKSettingConfig.plist */; };
		FFF726C01FE7A5FA009F093A /* ADKDemoViewController.swift in Sources */ = {isa = PBXBuildFile; fileRef = FFF726931FE7A5F9009F093A /* ADKDemoViewController.swift */; };
		FFF726C11FE7A5FA009F093A /* ADKSettingEventHandler.swift in Sources */ = {isa = PBXBuildFile; fileRef = FFF726941FE7A5F9009F093A /* ADKSettingEventHandler.swift */; };
		FFF726C21FE7A5FA009F093A /* ADKTestViewController.swift in Sources */ = {isa = PBXBuildFile; fileRef = FFF726951FE7A5F9009F093A /* ADKTestViewController.swift */; };
		FFF726C31FE7A5FA009F093A /* ADKRootConfig.plist in Resources */ = {isa = PBXBuildFile; fileRef = FFF726961FE7A5F9009F093A /* ADKRootConfig.plist */; };
		FFF726C51FE7A8C1009F093A /* HPPluginRepoTests.swift in Sources */ = {isa = PBXBuildFile; fileRef = FFF726541FE7A5F4009F093A /* HPPluginRepoTests.swift */; };
		FFF726C71FE7A8CB009F093A /* HPPluginRepoUITests.swift in Sources */ = {isa = PBXBuildFile; fileRef = FFF726511FE7A5F3009F093A /* HPPluginRepoUITests.swift */; };
/* End PBXBuildFile section */

/* Begin PBXContainerItemProxy section */
		FFF662931FCFDB97007D30DD /* PBXContainerItemProxy */ = {
			isa = PBXContainerItemProxy;
			containerPortal = FFF662731FCFDB96007D30DD /* Project object */;
			proxyType = 1;
			remoteGlobalIDString = FFF6627A1FCFDB96007D30DD;
			remoteInfo = HPToolKit;
		};
		FFF6629E1FCFDB97007D30DD /* PBXContainerItemProxy */ = {
			isa = PBXContainerItemProxy;
			containerPortal = FFF662731FCFDB96007D30DD /* Project object */;
			proxyType = 1;
			remoteGlobalIDString = FFF6627A1FCFDB96007D30DD;
			remoteInfo = HPToolKit;
		};
/* End PBXContainerItemProxy section */

/* Begin PBXFileReference section */
		FF04BE531FE8F2DC00A4D86D /* HPCalendarDate.swift */ = {isa = PBXFileReference; fileEncoding = 4; lastKnownFileType = sourcecode.swift; path = HPCalendarDate.swift; sourceTree = "<group>"; };
		FF04BE551FE8F2DC00A4D86D /* HPCalendarViewCell.swift */ = {isa = PBXFileReference; fileEncoding = 4; lastKnownFileType = sourcecode.swift; path = HPCalendarViewCell.swift; sourceTree = "<group>"; };
		FF04BE561FE8F2DC00A4D86D /* HPCalendarView.swift */ = {isa = PBXFileReference; fileEncoding = 4; lastKnownFileType = sourcecode.swift; path = HPCalendarView.swift; sourceTree = "<group>"; };
		FF04BE571FE8F2DC00A4D86D /* HPCalendarViewCell.xib */ = {isa = PBXFileReference; fileEncoding = 4; lastKnownFileType = file.xib; path = HPCalendarViewCell.xib; sourceTree = "<group>"; };
		FF04BE581FE8F2DC00A4D86D /* HPCalendarHorizontalLayout.swift */ = {isa = PBXFileReference; fileEncoding = 4; lastKnownFileType = sourcecode.swift; path = HPCalendarHorizontalLayout.swift; sourceTree = "<group>"; };
		FF04BE591FE8F2DC00A4D86D /* HPCalendarView.xib */ = {isa = PBXFileReference; fileEncoding = 4; lastKnownFileType = file.xib; path = HPCalendarView.xib; sourceTree = "<group>"; };
		FFF6627B1FCFDB96007D30DD /* HPPluginRepo.app */ = {isa = PBXFileReference; explicitFileType = wrapper.application; includeInIndex = 0; path = HPPluginRepo.app; sourceTree = BUILT_PRODUCTS_DIR; };
		FFF662921FCFDB97007D30DD /* HPPluginRepoTests.xctest */ = {isa = PBXFileReference; explicitFileType = wrapper.cfbundle; includeInIndex = 0; path = HPPluginRepoTests.xctest; sourceTree = BUILT_PRODUCTS_DIR; };
		FFF6629D1FCFDB97007D30DD /* HPPluginRepoUITests.xctest */ = {isa = PBXFileReference; explicitFileType = wrapper.cfbundle; includeInIndex = 0; path = HPPluginRepoUITests.xctest; sourceTree = BUILT_PRODUCTS_DIR; };
		FFF726511FE7A5F3009F093A /* HPPluginRepoUITests.swift */ = {isa = PBXFileReference; fileEncoding = 4; lastKnownFileType = sourcecode.swift; path = HPPluginRepoUITests.swift; sourceTree = "<group>"; };
		FFF726521FE7A5F3009F093A /* Info.plist */ = {isa = PBXFileReference; fileEncoding = 4; lastKnownFileType = text.plist.xml; path = Info.plist; sourceTree = "<group>"; };
		FFF726541FE7A5F4009F093A /* HPPluginRepoTests.swift */ = {isa = PBXFileReference; fileEncoding = 4; lastKnownFileType = sourcecode.swift; path = HPPluginRepoTests.swift; sourceTree = "<group>"; };
		FFF726551FE7A5F4009F093A /* Info.plist */ = {isa = PBXFileReference; fileEncoding = 4; lastKnownFileType = text.plist.xml; path = Info.plist; sourceTree = "<group>"; };
		FFF726641FE7A5F9009F093A /* HPPasswordView.swift */ = {isa = PBXFileReference; fileEncoding = 4; lastKnownFileType = sourcecode.swift; path = HPPasswordView.swift; sourceTree = "<group>"; };
		FFF726661FE7A5F9009F093A /* HPNineDotView.swift */ = {isa = PBXFileReference; fileEncoding = 4; lastKnownFileType = sourcecode.swift; path = HPNineDotView.swift; sourceTree = "<group>"; };
		FFF726671FE7A5F9009F093A /* HPNineDotView.xib */ = {isa = PBXFileReference; fileEncoding = 4; lastKnownFileType = file.xib; path = HPNineDotView.xib; sourceTree = "<group>"; };
		FFF726691FE7A5F9009F093A /* ADKSettingViewController.swift */ = {isa = PBXFileReference; fileEncoding = 4; lastKnownFileType = sourcecode.swift; path = ADKSettingViewController.swift; sourceTree = "<group>"; };
		FFF7266B1FE7A5F9009F093A /* guide.html */ = {isa = PBXFileReference; fileEncoding = 4; lastKnownFileType = text.html; path = guide.html; sourceTree = "<group>"; };
		FFF7266C1FE7A5F9009F093A /* ADKStoryboard_container.storyboard */ = {isa = PBXFileReference; fileEncoding = 4; lastKnownFileType = file.storyboard; path = ADKStoryboard_container.storyboard; sourceTree = "<group>"; };
		FFF7266D1FE7A5F9009F093A /* ADKGuideViewController.swift */ = {isa = PBXFileReference; fileEncoding = 4; lastKnownFileType = sourcecode.swift; path = ADKGuideViewController.swift; sourceTree = "<group>"; };
		FFF7266E1FE7A5F9009F093A /* ADKRootViewController.swift */ = {isa = PBXFileReference; fileEncoding = 4; lastKnownFileType = sourcecode.swift; path = ADKRootViewController.swift; sourceTree = "<group>"; };
		FFF7266F1FE7A5F9009F093A /* ADKFloatingButton.swift */ = {isa = PBXFileReference; fileEncoding = 4; lastKnownFileType = sourcecode.swift; path = ADKFloatingButton.swift; sourceTree = "<group>"; };
		FFF726701FE7A5F9009F093A /* ADKExtension.swift */ = {isa = PBXFileReference; fileEncoding = 4; lastKnownFileType = sourcecode.swift; path = ADKExtension.swift; sourceTree = "<group>"; };
		FFF726711FE7A5F9009F093A /* ADKContext.swift */ = {isa = PBXFileReference; fileEncoding = 4; lastKnownFileType = sourcecode.swift; path = ADKContext.swift; sourceTree = "<group>"; };
		FFF726731FE7A5F9009F093A /* ASPBottomViewController.swift */ = {isa = PBXFileReference; fileEncoding = 4; lastKnownFileType = sourcecode.swift; path = ASPBottomViewController.swift; sourceTree = "<group>"; };
		FFF726741FE7A5F9009F093A /* ASPParentViewController.swift */ = {isa = PBXFileReference; fileEncoding = 4; lastKnownFileType = sourcecode.swift; path = ASPParentViewController.swift; sourceTree = "<group>"; };
		FFF726751FE7A5F9009F093A /* ASPTopViewController.swift */ = {isa = PBXFileReference; fileEncoding = 4; lastKnownFileType = sourcecode.swift; path = ASPTopViewController.swift; sourceTree = "<group>"; };
		FFF726761FE7A5F9009F093A /* ASPMessageBridge.swift */ = {isa = PBXFileReference; fileEncoding = 4; lastKnownFileType = sourcecode.swift; path = ASPMessageBridge.swift; sourceTree = "<group>"; };
		FFF726771FE7A5F9009F093A /* RootViewController.swift */ = {isa = PBXFileReference; fileEncoding = 4; lastKnownFileType = sourcecode.swift; path = RootViewController.swift; sourceTree = "<group>"; };
		FFF726781FE7A5F9009F093A /* Assets.xcassets */ = {isa = PBXFileReference; lastKnownFileType = folder.assetcatalog; path = Assets.xcassets; sourceTree = "<group>"; };
		FFF7267A1FE7A5F9009F093A /* Base */ = {isa = PBXFileReference; lastKnownFileType = file.storyboard; name = Base; path = Base.lproj/LaunchScreen.storyboard; sourceTree = "<group>"; };
		FFF7267C1FE7A5F9009F093A /* Base */ = {isa = PBXFileReference; lastKnownFileType = file.storyboard; name = Base; path = Base.lproj/Main.storyboard; sourceTree = "<group>"; };
		FFF7267E1FE7A5F9009F093A /* AnwExts.swift */ = {isa = PBXFileReference; fileEncoding = 4; lastKnownFileType = sourcecode.swift; path = AnwExts.swift; sourceTree = "<group>"; };
		FFF7267F1FE7A5F9009F093A /* AnwMacros.swift */ = {isa = PBXFileReference; fileEncoding = 4; lastKnownFileType = sourcecode.swift; path = AnwMacros.swift; sourceTree = "<group>"; };
		FFF726811FE7A5F9009F093A /* HPToolKit.xcdatamodel */ = {isa = PBXFileReference; lastKnownFileType = wrapper.xcdatamodel; path = HPToolKit.xcdatamodel; sourceTree = "<group>"; };
		FFF726821FE7A5F9009F093A /* AppDelegate.swift */ = {isa = PBXFileReference; fileEncoding = 4; lastKnownFileType = sourcecode.swift; path = AppDelegate.swift; sourceTree = "<group>"; };
		FFF726831FE7A5F9009F093A /* MyNavigationController.swift */ = {isa = PBXFileReference; fileEncoding = 4; lastKnownFileType = sourcecode.swift; path = MyNavigationController.swift; sourceTree = "<group>"; };
		FFF726861FE7A5F9009F093A /* ASPDemoTopViewController.swift */ = {isa = PBXFileReference; fileEncoding = 4; lastKnownFileType = sourcecode.swift; path = ASPDemoTopViewController.swift; sourceTree = "<group>"; };
		FFF726871FE7A5F9009F093A /* ASPDemoBottomViewController.swift */ = {isa = PBXFileReference; fileEncoding = 4; lastKnownFileType = sourcecode.swift; path = ASPDemoBottomViewController.swift; sourceTree = "<group>"; };
		FFF726881FE7A5F9009F093A /* ASPDemoParentViewController.swift */ = {isa = PBXFileReference; fileEncoding = 4; lastKnownFileType = sourcecode.swift; path = ASPDemoParentViewController.swift; sourceTree = "<group>"; };
		FFF726891FE7A5F9009F093A /* HPNavView.swift */ = {isa = PBXFileReference; fileEncoding = 4; lastKnownFileType = sourcecode.swift; path = HPNavView.swift; sourceTree = "<group>"; };
		FFF7268B1FE7A5F9009F093A /* AnwPasswordDemoViewController.swift */ = {isa = PBXFileReference; fileEncoding = 4; lastKnownFileType = sourcecode.swift; path = AnwPasswordDemoViewController.swift; sourceTree = "<group>"; };
		FFF7268C1FE7A5F9009F093A /* DemoAppSettings.swift */ = {isa = PBXFileReference; fileEncoding = 4; lastKnownFileType = sourcecode.swift; path = DemoAppSettings.swift; sourceTree = "<group>"; };
		FFF7268E1FE7A5F9009F093A /* AnwCalendarViewController.swift */ = {isa = PBXFileReference; fileEncoding = 4; lastKnownFileType = sourcecode.swift; path = AnwCalendarViewController.swift; sourceTree = "<group>"; };
		FFF726901FE7A5F9009F093A /* ADKTest2ViewController.swift */ = {isa = PBXFileReference; fileEncoding = 4; lastKnownFileType = sourcecode.swift; path = ADKTest2ViewController.swift; sourceTree = "<group>"; };
		FFF726911FE7A5F9009F093A /* ADKStoryboard_phone.storyboard */ = {isa = PBXFileReference; fileEncoding = 4; lastKnownFileType = file.storyboard; path = ADKStoryboard_phone.storyboard; sourceTree = "<group>"; };
		FFF726921FE7A5F9009F093A /* ADKSettingConfig.plist */ = {isa = PBXFileReference; fileEncoding = 4; lastKnownFileType = text.plist.xml; path = ADKSettingConfig.plist; sourceTree = "<group>"; };
		FFF726931FE7A5F9009F093A /* ADKDemoViewController.swift */ = {isa = PBXFileReference; fileEncoding = 4; lastKnownFileType = sourcecode.swift; path = ADKDemoViewController.swift; sourceTree = "<group>"; };
		FFF726941FE7A5F9009F093A /* ADKSettingEventHandler.swift */ = {isa = PBXFileReference; fileEncoding = 4; lastKnownFileType = sourcecode.swift; path = ADKSettingEventHandler.swift; sourceTree = "<group>"; };
		FFF726951FE7A5F9009F093A /* ADKTestViewController.swift */ = {isa = PBXFileReference; fileEncoding = 4; lastKnownFileType = sourcecode.swift; path = ADKTestViewController.swift; sourceTree = "<group>"; };
		FFF726961FE7A5F9009F093A /* ADKRootConfig.plist */ = {isa = PBXFileReference; fileEncoding = 4; lastKnownFileType = text.plist.xml; path = ADKRootConfig.plist; sourceTree = "<group>"; };
		FFF726971FE7A5F9009F093A /* Info.plist */ = {isa = PBXFileReference; fileEncoding = 4; lastKnownFileType = text.plist.xml; path = Info.plist; sourceTree = "<group>"; };
/* End PBXFileReference section */

/* Begin PBXFrameworksBuildPhase section */
		FFF662781FCFDB96007D30DD /* Frameworks */ = {
			isa = PBXFrameworksBuildPhase;
			buildActionMask = 2147483647;
			files = (
			);
			runOnlyForDeploymentPostprocessing = 0;
		};
		FFF6628F1FCFDB97007D30DD /* Frameworks */ = {
			isa = PBXFrameworksBuildPhase;
			buildActionMask = 2147483647;
			files = (
			);
			runOnlyForDeploymentPostprocessing = 0;
		};
		FFF6629A1FCFDB97007D30DD /* Frameworks */ = {
			isa = PBXFrameworksBuildPhase;
			buildActionMask = 2147483647;
			files = (
			);
			runOnlyForDeploymentPostprocessing = 0;
		};
/* End PBXFrameworksBuildPhase section */

/* Begin PBXGroup section */
		FF04BE521FE8F2DC00A4D86D /* AnwCalendarExt */ = {
			isa = PBXGroup;
			children = (
				FF04BE531FE8F2DC00A4D86D /* HPCalendarDate.swift */,
				FF04BE541FE8F2DC00A4D86D /* BuildInView */,
			);
			path = AnwCalendarExt;
			sourceTree = "<group>";
		};
		FF04BE541FE8F2DC00A4D86D /* BuildInView */ = {
			isa = PBXGroup;
			children = (
				FF04BE551FE8F2DC00A4D86D /* HPCalendarViewCell.swift */,
				FF04BE561FE8F2DC00A4D86D /* HPCalendarView.swift */,
				FF04BE571FE8F2DC00A4D86D /* HPCalendarViewCell.xib */,
				FF04BE581FE8F2DC00A4D86D /* HPCalendarHorizontalLayout.swift */,
				FF04BE591FE8F2DC00A4D86D /* HPCalendarView.xib */,
			);
			path = BuildInView;
			sourceTree = "<group>";
		};
		FFF662721FCFDB96007D30DD = {
			isa = PBXGroup;
			children = (
				FFF7265A1FE7A5F9009F093A /* HPPluginRepo */,
				FFF726531FE7A5F4009F093A /* HPPluginRepoTests */,
				FFF726501FE7A5F3009F093A /* HPPluginRepoUITests */,
				FFF6627C1FCFDB96007D30DD /* Products */,
			);
			sourceTree = "<group>";
		};
		FFF6627C1FCFDB96007D30DD /* Products */ = {
			isa = PBXGroup;
			children = (
				FFF6627B1FCFDB96007D30DD /* HPPluginRepo.app */,
				FFF662921FCFDB97007D30DD /* HPPluginRepoTests.xctest */,
				FFF6629D1FCFDB97007D30DD /* HPPluginRepoUITests.xctest */,
			);
			name = Products;
			sourceTree = "<group>";
		};
		FFF726501FE7A5F3009F093A /* HPPluginRepoUITests */ = {
			isa = PBXGroup;
			children = (
				FFF726511FE7A5F3009F093A /* HPPluginRepoUITests.swift */,
				FFF726521FE7A5F3009F093A /* Info.plist */,
			);
			path = HPPluginRepoUITests;
			sourceTree = "<group>";
		};
		FFF726531FE7A5F4009F093A /* HPPluginRepoTests */ = {
			isa = PBXGroup;
			children = (
				FFF726541FE7A5F4009F093A /* HPPluginRepoTests.swift */,
				FFF726551FE7A5F4009F093A /* Info.plist */,
			);
			path = HPPluginRepoTests;
			sourceTree = "<group>";
		};
		FFF7265A1FE7A5F9009F093A /* HPPluginRepo */ = {
			isa = PBXGroup;
			children = (
				FFF726841FE7A5F9009F093A /* Demos */,
				FFF7267D1FE7A5F9009F093A /* Common */,
				FFF7265B1FE7A5F9009F093A /* Plugins */,
				FFF726771FE7A5F9009F093A /* RootViewController.swift */,
				FFF726781FE7A5F9009F093A /* Assets.xcassets */,
				FFF726791FE7A5F9009F093A /* LaunchScreen.storyboard */,
				FFF7267B1FE7A5F9009F093A /* Main.storyboard */,
				FFF726801FE7A5F9009F093A /* HPPluginRepo.xcdatamodeld */,
				FFF726821FE7A5F9009F093A /* AppDelegate.swift */,
				FFF726831FE7A5F9009F093A /* MyNavigationController.swift */,
				FFF726971FE7A5F9009F093A /* Info.plist */,
			);
			path = HPPluginRepo;
			sourceTree = "<group>";
		};
		FFF7265B1FE7A5F9009F093A /* Plugins */ = {
			isa = PBXGroup;
			children = (
				FF04BE521FE8F2DC00A4D86D /* AnwCalendarExt */,
				FFF726631FE7A5F9009F093A /* AnwPasswordPlugin */,
				FFF726681FE7A5F9009F093A /* AnwDebugKit */,
				FFF726721FE7A5F9009F093A /* AnwSlidePlugin */,
			);
			path = Plugins;
			sourceTree = "<group>";
		};
		FFF726631FE7A5F9009F093A /* AnwPasswordPlugin */ = {
			isa = PBXGroup;
			children = (
				FFF726641FE7A5F9009F093A /* HPPasswordView.swift */,
				FFF726651FE7A5F9009F093A /* BuildInViews */,
			);
			path = AnwPasswordPlugin;
			sourceTree = "<group>";
		};
		FFF726651FE7A5F9009F093A /* BuildInViews */ = {
			isa = PBXGroup;
			children = (
				FFF726661FE7A5F9009F093A /* HPNineDotView.swift */,
				FFF726671FE7A5F9009F093A /* HPNineDotView.xib */,
			);
			path = BuildInViews;
			sourceTree = "<group>";
		};
		FFF726681FE7A5F9009F093A /* AnwDebugKit */ = {
			isa = PBXGroup;
			children = (
				FFF726691FE7A5F9009F093A /* ADKSettingViewController.swift */,
				FFF7266A1FE7A5F9009F093A /* resources */,
				FFF7266D1FE7A5F9009F093A /* ADKGuideViewController.swift */,
				FFF7266E1FE7A5F9009F093A /* ADKRootViewController.swift */,
				FFF7266F1FE7A5F9009F093A /* ADKFloatingButton.swift */,
				FFF726701FE7A5F9009F093A /* ADKExtension.swift */,
				FFF726711FE7A5F9009F093A /* ADKContext.swift */,
			);
			path = AnwDebugKit;
			sourceTree = "<group>";
		};
		FFF7266A1FE7A5F9009F093A /* resources */ = {
			isa = PBXGroup;
			children = (
				FFF7266B1FE7A5F9009F093A /* guide.html */,
				FFF7266C1FE7A5F9009F093A /* ADKStoryboard_container.storyboard */,
			);
			path = resources;
			sourceTree = "<group>";
		};
		FFF726721FE7A5F9009F093A /* AnwSlidePlugin */ = {
			isa = PBXGroup;
			children = (
				FFF726731FE7A5F9009F093A /* ASPBottomViewController.swift */,
				FFF726741FE7A5F9009F093A /* ASPParentViewController.swift */,
				FFF726751FE7A5F9009F093A /* ASPTopViewController.swift */,
				FFF726761FE7A5F9009F093A /* ASPMessageBridge.swift */,
			);
			path = AnwSlidePlugin;
			sourceTree = "<group>";
		};
		FFF7267D1FE7A5F9009F093A /* Common */ = {
			isa = PBXGroup;
			children = (
				FFF7267E1FE7A5F9009F093A /* AnwExts.swift */,
				FFF7267F1FE7A5F9009F093A /* AnwMacros.swift */,
			);
			path = Common;
			sourceTree = "<group>";
		};
		FFF726841FE7A5F9009F093A /* Demos */ = {
			isa = PBXGroup;
			children = (
				FFF726891FE7A5F9009F093A /* HPNavView.swift */,
				FFF7268C1FE7A5F9009F093A /* DemoAppSettings.swift */,
				FFF726851FE7A5F9009F093A /* SlidePluginDemo */,
				FFF7268A1FE7A5F9009F093A /* PasswordPluginDemo */,
				FFF7268D1FE7A5F9009F093A /* CalendarDemo */,
				FFF7268F1FE7A5F9009F093A /* DebugKitDemo */,
			);
			path = Demos;
			sourceTree = "<group>";
		};
		FFF726851FE7A5F9009F093A /* SlidePluginDemo */ = {
			isa = PBXGroup;
			children = (
				FFF726861FE7A5F9009F093A /* ASPDemoTopViewController.swift */,
				FFF726871FE7A5F9009F093A /* ASPDemoBottomViewController.swift */,
				FFF726881FE7A5F9009F093A /* ASPDemoParentViewController.swift */,
			);
			path = SlidePluginDemo;
			sourceTree = "<group>";
		};
		FFF7268A1FE7A5F9009F093A /* PasswordPluginDemo */ = {
			isa = PBXGroup;
			children = (
				FFF7268B1FE7A5F9009F093A /* AnwPasswordDemoViewController.swift */,
			);
			path = PasswordPluginDemo;
			sourceTree = "<group>";
		};
		FFF7268D1FE7A5F9009F093A /* CalendarDemo */ = {
			isa = PBXGroup;
			children = (
				FFF7268E1FE7A5F9009F093A /* AnwCalendarViewController.swift */,
			);
			path = CalendarDemo;
			sourceTree = "<group>";
		};
		FFF7268F1FE7A5F9009F093A /* DebugKitDemo */ = {
			isa = PBXGroup;
			children = (
				FFF726901FE7A5F9009F093A /* ADKTest2ViewController.swift */,
				FFF726911FE7A5F9009F093A /* ADKStoryboard_phone.storyboard */,
				FFF726921FE7A5F9009F093A /* ADKSettingConfig.plist */,
				FFF726931FE7A5F9009F093A /* ADKDemoViewController.swift */,
				FFF726941FE7A5F9009F093A /* ADKSettingEventHandler.swift */,
				FFF726951FE7A5F9009F093A /* ADKTestViewController.swift */,
				FFF726961FE7A5F9009F093A /* ADKRootConfig.plist */,
			);
			path = DebugKitDemo;
			sourceTree = "<group>";
		};
/* End PBXGroup section */

/* Begin PBXNativeTarget section */
		FFF6627A1FCFDB96007D30DD /* HPPluginRepo */ = {
			isa = PBXNativeTarget;
			buildConfigurationList = FFF662A61FCFDB97007D30DD /* Build configuration list for PBXNativeTarget "HPPluginRepo" */;
			buildPhases = (
				FFF662771FCFDB96007D30DD /* Sources */,
				FFF662781FCFDB96007D30DD /* Frameworks */,
				FFF662791FCFDB96007D30DD /* Resources */,
			);
			buildRules = (
			);
			dependencies = (
			);
			name = HPPluginRepo;
			productName = HPToolKit;
			productReference = FFF6627B1FCFDB96007D30DD /* HPPluginRepo.app */;
			productType = "com.apple.product-type.application";
		};
		FFF662911FCFDB97007D30DD /* HPPluginRepoTests */ = {
			isa = PBXNativeTarget;
			buildConfigurationList = FFF662A91FCFDB97007D30DD /* Build configuration list for PBXNativeTarget "HPPluginRepoTests" */;
			buildPhases = (
				FFF6628E1FCFDB97007D30DD /* Sources */,
				FFF6628F1FCFDB97007D30DD /* Frameworks */,
				FFF662901FCFDB97007D30DD /* Resources */,
			);
			buildRules = (
			);
			dependencies = (
				FFF662941FCFDB97007D30DD /* PBXTargetDependency */,
			);
			name = HPPluginRepoTests;
			productName = HPToolKitTests;
			productReference = FFF662921FCFDB97007D30DD /* HPPluginRepoTests.xctest */;
			productType = "com.apple.product-type.bundle.unit-test";
		};
		FFF6629C1FCFDB97007D30DD /* HPPluginRepoUITests */ = {
			isa = PBXNativeTarget;
			buildConfigurationList = FFF662AC1FCFDB97007D30DD /* Build configuration list for PBXNativeTarget "HPPluginRepoUITests" */;
			buildPhases = (
				FFF662991FCFDB97007D30DD /* Sources */,
				FFF6629A1FCFDB97007D30DD /* Frameworks */,
				FFF6629B1FCFDB97007D30DD /* Resources */,
			);
			buildRules = (
			);
			dependencies = (
				FFF6629F1FCFDB97007D30DD /* PBXTargetDependency */,
			);
			name = HPPluginRepoUITests;
			productName = HPToolKitUITests;
			productReference = FFF6629D1FCFDB97007D30DD /* HPPluginRepoUITests.xctest */;
			productType = "com.apple.product-type.bundle.ui-testing";
		};
/* End PBXNativeTarget section */

/* Begin PBXProject section */
		FFF662731FCFDB96007D30DD /* Project object */ = {
			isa = PBXProject;
			attributes = {
				LastSwiftUpdateCheck = 0900;
				LastUpgradeCheck = 0920;
				ORGANIZATIONNAME = "Hu, Peng";
				TargetAttributes = {
					FFF6627A1FCFDB96007D30DD = {
						CreatedOnToolsVersion = 9.0;
						ProvisioningStyle = Automatic;
					};
					FFF662911FCFDB97007D30DD = {
						CreatedOnToolsVersion = 9.0;
						ProvisioningStyle = Automatic;
						TestTargetID = FFF6627A1FCFDB96007D30DD;
					};
					FFF6629C1FCFDB97007D30DD = {
						CreatedOnToolsVersion = 9.0;
						ProvisioningStyle = Automatic;
						TestTargetID = FFF6627A1FCFDB96007D30DD;
					};
				};
			};
			buildConfigurationList = FFF662761FCFDB96007D30DD /* Build configuration list for PBXProject "HPPluginRepo" */;
			compatibilityVersion = "Xcode 8.0";
			developmentRegion = en;
			hasScannedForEncodings = 0;
			knownRegions = (
				en,
				Base,
			);
			mainGroup = FFF662721FCFDB96007D30DD;
			productRefGroup = FFF6627C1FCFDB96007D30DD /* Products */;
			projectDirPath = "";
			projectRoot = "";
			targets = (
				FFF6627A1FCFDB96007D30DD /* HPPluginRepo */,
				FFF662911FCFDB97007D30DD /* HPPluginRepoTests */,
				FFF6629C1FCFDB97007D30DD /* HPPluginRepoUITests */,
			);
		};
/* End PBXProject section */

/* Begin PBXResourcesBuildPhase section */
		FFF662791FCFDB96007D30DD /* Resources */ = {
			isa = PBXResourcesBuildPhase;
			buildActionMask = 2147483647;
			files = (
				FFF726AF1FE7A5FA009F093A /* LaunchScreen.storyboard in Resources */,
				FFF726B01FE7A5FA009F093A /* Main.storyboard in Resources */,
				FFF726A31FE7A5FA009F093A /* ADKStoryboard_container.storyboard in Resources */,
				FFF726A01FE7A5FA009F093A /* HPNineDotView.xib in Resources */,
				FFF726BE1FE7A5FA009F093A /* ADKStoryboard_phone.storyboard in Resources */,
				FFF726C31FE7A5FA009F093A /* ADKRootConfig.plist in Resources */,
				FF04BE5F1FE8F2DC00A4D86D /* HPCalendarView.xib in Resources */,
				FFF726BF1FE7A5FA009F093A /* ADKSettingConfig.plist in Resources */,
				FFF726AE1FE7A5FA009F093A /* Assets.xcassets in Resources */,
				FF04BE5D1FE8F2DC00A4D86D /* HPCalendarViewCell.xib in Resources */,
				FFF726A21FE7A5FA009F093A /* guide.html in Resources */,
			);
			runOnlyForDeploymentPostprocessing = 0;
		};
		FFF662901FCFDB97007D30DD /* Resources */ = {
			isa = PBXResourcesBuildPhase;
			buildActionMask = 2147483647;
			files = (
			);
			runOnlyForDeploymentPostprocessing = 0;
		};
		FFF6629B1FCFDB97007D30DD /* Resources */ = {
			isa = PBXResourcesBuildPhase;
			buildActionMask = 2147483647;
			files = (
			);
			runOnlyForDeploymentPostprocessing = 0;
		};
/* End PBXResourcesBuildPhase section */

/* Begin PBXSourcesBuildPhase section */
		FFF662771FCFDB96007D30DD /* Sources */ = {
			isa = PBXSourcesBuildPhase;
			buildActionMask = 2147483647;
			files = (
				FFF726A11FE7A5FA009F093A /* ADKSettingViewController.swift in Sources */,
				FFF726AB1FE7A5FA009F093A /* ASPTopViewController.swift in Sources */,
				FFF726AD1FE7A5FA009F093A /* RootViewController.swift in Sources */,
				FFF726B71FE7A5FA009F093A /* ASPDemoBottomViewController.swift in Sources */,
				FFF726C01FE7A5FA009F093A /* ADKDemoViewController.swift in Sources */,
				FFF726A51FE7A5FA009F093A /* ADKRootViewController.swift in Sources */,
				FFF726B91FE7A5FA009F093A /* HPNavView.swift in Sources */,
				FFF726BC1FE7A5FA009F093A /* AnwCalendarViewController.swift in Sources */,
				FFF7269F1FE7A5FA009F093A /* HPNineDotView.swift in Sources */,
				FF04BE5A1FE8F2DC00A4D86D /* HPCalendarDate.swift in Sources */,
				FFF726AA1FE7A5FA009F093A /* ASPParentViewController.swift in Sources */,
				FFF726A71FE7A5FA009F093A /* ADKExtension.swift in Sources */,
				FFF726B51FE7A5FA009F093A /* MyNavigationController.swift in Sources */,
				FFF726B31FE7A5FA009F093A /* HPPluginRepo.xcdatamodeld in Sources */,
				FFF726C21FE7A5FA009F093A /* ADKTestViewController.swift in Sources */,
				FFF7269E1FE7A5FA009F093A /* HPPasswordView.swift in Sources */,
				FFF726C11FE7A5FA009F093A /* ADKSettingEventHandler.swift in Sources */,
				FFF726BB1FE7A5FA009F093A /* DemoAppSettings.swift in Sources */,
				FFF726A81FE7A5FA009F093A /* ADKContext.swift in Sources */,
				FFF726B21FE7A5FA009F093A /* AnwMacros.swift in Sources */,
				FFF726BA1FE7A5FA009F093A /* AnwPasswordDemoViewController.swift in Sources */,
				FFF726B11FE7A5FA009F093A /* AnwExts.swift in Sources */,
				FFF726A41FE7A5FA009F093A /* ADKGuideViewController.swift in Sources */,
				FF04BE5B1FE8F2DC00A4D86D /* HPCalendarViewCell.swift in Sources */,
				FFF726BD1FE7A5FA009F093A /* ADKTest2ViewController.swift in Sources */,
				FFF726A61FE7A5FA009F093A /* ADKFloatingButton.swift in Sources */,
				FFF726AC1FE7A5FA009F093A /* ASPMessageBridge.swift in Sources */,
				FFF726A91FE7A5FA009F093A /* ASPBottomViewController.swift in Sources */,
				FF04BE5C1FE8F2DC00A4D86D /* HPCalendarView.swift in Sources */,
				FFF726B61FE7A5FA009F093A /* ASPDemoTopViewController.swift in Sources */,
				FFF726B41FE7A5FA009F093A /* AppDelegate.swift in Sources */,
				FF04BE5E1FE8F2DC00A4D86D /* HPCalendarHorizontalLayout.swift in Sources */,
				FFF726B81FE7A5FA009F093A /* ASPDemoParentViewController.swift in Sources */,
			);
			runOnlyForDeploymentPostprocessing = 0;
		};
		FFF6628E1FCFDB97007D30DD /* Sources */ = {
			isa = PBXSourcesBuildPhase;
			buildActionMask = 2147483647;
			files = (
				FFF726C51FE7A8C1009F093A /* HPPluginRepoTests.swift in Sources */,
			);
			runOnlyForDeploymentPostprocessing = 0;
		};
		FFF662991FCFDB97007D30DD /* Sources */ = {
			isa = PBXSourcesBuildPhase;
			buildActionMask = 2147483647;
			files = (
				FFF726C71FE7A8CB009F093A /* HPPluginRepoUITests.swift in Sources */,
			);
			runOnlyForDeploymentPostprocessing = 0;
		};
/* End PBXSourcesBuildPhase section */

/* Begin PBXTargetDependency section */
		FFF662941FCFDB97007D30DD /* PBXTargetDependency */ = {
			isa = PBXTargetDependency;
			target = FFF6627A1FCFDB96007D30DD /* HPPluginRepo */;
			targetProxy = FFF662931FCFDB97007D30DD /* PBXContainerItemProxy */;
		};
		FFF6629F1FCFDB97007D30DD /* PBXTargetDependency */ = {
			isa = PBXTargetDependency;
			target = FFF6627A1FCFDB96007D30DD /* HPPluginRepo */;
			targetProxy = FFF6629E1FCFDB97007D30DD /* PBXContainerItemProxy */;
		};
/* End PBXTargetDependency section */

/* Begin PBXVariantGroup section */
		FFF726791FE7A5F9009F093A /* LaunchScreen.storyboard */ = {
			isa = PBXVariantGroup;
			children = (
				FFF7267A1FE7A5F9009F093A /* Base */,
			);
			name = LaunchScreen.storyboard;
			sourceTree = "<group>";
		};
		FFF7267B1FE7A5F9009F093A /* Main.storyboard */ = {
			isa = PBXVariantGroup;
			children = (
				FFF7267C1FE7A5F9009F093A /* Base */,
			);
			name = Main.storyboard;
			sourceTree = "<group>";
		};
/* End PBXVariantGroup section */

/* Begin XCBuildConfiguration section */
		FFF662A41FCFDB97007D30DD /* Debug */ = {
			isa = XCBuildConfiguration;
			buildSettings = {
				ALWAYS_SEARCH_USER_PATHS = NO;
				CLANG_ANALYZER_NONNULL = YES;
				CLANG_ANALYZER_NUMBER_OBJECT_CONVERSION = YES_AGGRESSIVE;
				CLANG_CXX_LANGUAGE_STANDARD = "gnu++14";
				CLANG_CXX_LIBRARY = "libc++";
				CLANG_ENABLE_MODULES = YES;
				CLANG_ENABLE_OBJC_ARC = YES;
				CLANG_WARN_BLOCK_CAPTURE_AUTORELEASING = YES;
				CLANG_WARN_BOOL_CONVERSION = YES;
				CLANG_WARN_COMMA = YES;
				CLANG_WARN_CONSTANT_CONVERSION = YES;
				CLANG_WARN_DIRECT_OBJC_ISA_USAGE = YES_ERROR;
				CLANG_WARN_DOCUMENTATION_COMMENTS = YES;
				CLANG_WARN_EMPTY_BODY = YES;
				CLANG_WARN_ENUM_CONVERSION = YES;
				CLANG_WARN_INFINITE_RECURSION = YES;
				CLANG_WARN_INT_CONVERSION = YES;
				CLANG_WARN_NON_LITERAL_NULL_CONVERSION = YES;
				CLANG_WARN_OBJC_LITERAL_CONVERSION = YES;
				CLANG_WARN_OBJC_ROOT_CLASS = YES_ERROR;
				CLANG_WARN_RANGE_LOOP_ANALYSIS = YES;
				CLANG_WARN_STRICT_PROTOTYPES = YES;
				CLANG_WARN_SUSPICIOUS_MOVE = YES;
				CLANG_WARN_UNGUARDED_AVAILABILITY = YES_AGGRESSIVE;
				CLANG_WARN_UNREACHABLE_CODE = YES;
				CLANG_WARN__DUPLICATE_METHOD_MATCH = YES;
				CODE_SIGN_IDENTITY = "iPhone Developer";
				COPY_PHASE_STRIP = NO;
				DEBUG_INFORMATION_FORMAT = dwarf;
				ENABLE_STRICT_OBJC_MSGSEND = YES;
				ENABLE_TESTABILITY = YES;
				GCC_C_LANGUAGE_STANDARD = gnu11;
				GCC_DYNAMIC_NO_PIC = NO;
				GCC_NO_COMMON_BLOCKS = YES;
				GCC_OPTIMIZATION_LEVEL = 0;
				GCC_PREPROCESSOR_DEFINITIONS = (
					"DEBUG=1",
					"$(inherited)",
				);
				GCC_WARN_64_TO_32_BIT_CONVERSION = YES;
				GCC_WARN_ABOUT_RETURN_TYPE = YES_ERROR;
				GCC_WARN_UNDECLARED_SELECTOR = YES;
				GCC_WARN_UNINITIALIZED_AUTOS = YES_AGGRESSIVE;
				GCC_WARN_UNUSED_FUNCTION = YES;
				GCC_WARN_UNUSED_VARIABLE = YES;
				IPHONEOS_DEPLOYMENT_TARGET = 11.0;
				MTL_ENABLE_DEBUG_INFO = YES;
				ONLY_ACTIVE_ARCH = YES;
				SDKROOT = iphoneos;
				SWIFT_ACTIVE_COMPILATION_CONDITIONS = DEBUG;
				SWIFT_OPTIMIZATION_LEVEL = "-Onone";
			};
			name = Debug;
		};
		FFF662A51FCFDB97007D30DD /* Release */ = {
			isa = XCBuildConfiguration;
			buildSettings = {
				ALWAYS_SEARCH_USER_PATHS = NO;
				CLANG_ANALYZER_NONNULL = YES;
				CLANG_ANALYZER_NUMBER_OBJECT_CONVERSION = YES_AGGRESSIVE;
				CLANG_CXX_LANGUAGE_STANDARD = "gnu++14";
				CLANG_CXX_LIBRARY = "libc++";
				CLANG_ENABLE_MODULES = YES;
				CLANG_ENABLE_OBJC_ARC = YES;
				CLANG_WARN_BLOCK_CAPTURE_AUTORELEASING = YES;
				CLANG_WARN_BOOL_CONVERSION = YES;
				CLANG_WARN_COMMA = YES;
				CLANG_WARN_CONSTANT_CONVERSION = YES;
				CLANG_WARN_DIRECT_OBJC_ISA_USAGE = YES_ERROR;
				CLANG_WARN_DOCUMENTATION_COMMENTS = YES;
				CLANG_WARN_EMPTY_BODY = YES;
				CLANG_WARN_ENUM_CONVERSION = YES;
				CLANG_WARN_INFINITE_RECURSION = YES;
				CLANG_WARN_INT_CONVERSION = YES;
				CLANG_WARN_NON_LITERAL_NULL_CONVERSION = YES;
				CLANG_WARN_OBJC_LITERAL_CONVERSION = YES;
				CLANG_WARN_OBJC_ROOT_CLASS = YES_ERROR;
				CLANG_WARN_RANGE_LOOP_ANALYSIS = YES;
				CLANG_WARN_STRICT_PROTOTYPES = YES;
				CLANG_WARN_SUSPICIOUS_MOVE = YES;
				CLANG_WARN_UNGUARDED_AVAILABILITY = YES_AGGRESSIVE;
				CLANG_WARN_UNREACHABLE_CODE = YES;
				CLANG_WARN__DUPLICATE_METHOD_MATCH = YES;
				CODE_SIGN_IDENTITY = "iPhone Developer";
				COPY_PHASE_STRIP = NO;
				DEBUG_INFORMATION_FORMAT = "dwarf-with-dsym";
				ENABLE_NS_ASSERTIONS = NO;
				ENABLE_STRICT_OBJC_MSGSEND = YES;
				GCC_C_LANGUAGE_STANDARD = gnu11;
				GCC_NO_COMMON_BLOCKS = YES;
				GCC_WARN_64_TO_32_BIT_CONVERSION = YES;
				GCC_WARN_ABOUT_RETURN_TYPE = YES_ERROR;
				GCC_WARN_UNDECLARED_SELECTOR = YES;
				GCC_WARN_UNINITIALIZED_AUTOS = YES_AGGRESSIVE;
				GCC_WARN_UNUSED_FUNCTION = YES;
				GCC_WARN_UNUSED_VARIABLE = YES;
				IPHONEOS_DEPLOYMENT_TARGET = 11.0;
				MTL_ENABLE_DEBUG_INFO = NO;
				SDKROOT = iphoneos;
				SWIFT_OPTIMIZATION_LEVEL = "-Owholemodule";
				VALIDATE_PRODUCT = YES;
			};
			name = Release;
		};
		FFF662A71FCFDB97007D30DD /* Debug */ = {
			isa = XCBuildConfiguration;
			buildSettings = {
				ASSETCATALOG_COMPILER_APPICON_NAME = AppIcon;
				CODE_SIGN_STYLE = Automatic;
				DEVELOPMENT_TEAM = 8ZXHY2B6NF;
				INFOPLIST_FILE = HPPluginRepo/Info.plist;
				LD_RUNPATH_SEARCH_PATHS = "$(inherited) @executable_path/Frameworks";
				PRODUCT_BUNDLE_IDENTIFIER = Personal.HPPluginRepo;
				PRODUCT_NAME = "$(TARGET_NAME)";
				SWIFT_VERSION = 4.0;
				TARGETED_DEVICE_FAMILY = "1,2";
			};
			name = Debug;
		};
		FFF662A81FCFDB97007D30DD /* Release */ = {
			isa = XCBuildConfiguration;
			buildSettings = {
				ASSETCATALOG_COMPILER_APPICON_NAME = AppIcon;
				CODE_SIGN_STYLE = Automatic;
				DEVELOPMENT_TEAM = 8ZXHY2B6NF;
				INFOPLIST_FILE = HPPluginRepo/Info.plist;
				LD_RUNPATH_SEARCH_PATHS = "$(inherited) @executable_path/Frameworks";
				PRODUCT_BUNDLE_IDENTIFIER = Personal.HPPluginRepo;
				PRODUCT_NAME = "$(TARGET_NAME)";
				SWIFT_VERSION = 4.0;
				TARGETED_DEVICE_FAMILY = "1,2";
			};
			name = Release;
		};
		FFF662AA1FCFDB97007D30DD /* Debug */ = {
			isa = XCBuildConfiguration;
			buildSettings = {
				ALWAYS_EMBED_SWIFT_STANDARD_LIBRARIES = YES;
				BUNDLE_LOADER = "$(TEST_HOST)";
				CODE_SIGN_STYLE = Automatic;
				DEVELOPMENT_TEAM = 8ZXHY2B6NF;
				INFOPLIST_FILE = HPPluginRepoTests/Info.plist;
				LD_RUNPATH_SEARCH_PATHS = "$(inherited) @executable_path/Frameworks @loader_path/Frameworks";
				PRODUCT_BUNDLE_IDENTIFIER = Personal.HPPluginRepoTests;
				PRODUCT_NAME = "$(TARGET_NAME)";
				SWIFT_VERSION = 4.0;
				TARGETED_DEVICE_FAMILY = "1,2";
				TEST_HOST = "$(BUILT_PRODUCTS_DIR)/HPPluginRepo.app/HPPluginRepo";
			};
			name = Debug;
		};
		FFF662AB1FCFDB97007D30DD /* Release */ = {
			isa = XCBuildConfiguration;
			buildSettings = {
				ALWAYS_EMBED_SWIFT_STANDARD_LIBRARIES = YES;
				BUNDLE_LOADER = "$(TEST_HOST)";
				CODE_SIGN_STYLE = Automatic;
				DEVELOPMENT_TEAM = 8ZXHY2B6NF;
				INFOPLIST_FILE = HPPluginRepoTests/Info.plist;
				LD_RUNPATH_SEARCH_PATHS = "$(inherited) @executable_path/Frameworks @loader_path/Frameworks";
				PRODUCT_BUNDLE_IDENTIFIER = Personal.HPPluginRepoTests;
				PRODUCT_NAME = "$(TARGET_NAME)";
				SWIFT_VERSION = 4.0;
				TARGETED_DEVICE_FAMILY = "1,2";
				TEST_HOST = "$(BUILT_PRODUCTS_DIR)/HPPluginRepo.app/HPPluginRepo";
			};
			name = Release;
		};
		FFF662AD1FCFDB97007D30DD /* Debug */ = {
			isa = XCBuildConfiguration;
			buildSettings = {
				ALWAYS_EMBED_SWIFT_STANDARD_LIBRARIES = YES;
				CODE_SIGN_STYLE = Automatic;
				DEVELOPMENT_TEAM = 8ZXHY2B6NF;
				INFOPLIST_FILE = HPPluginRepoUITests/Info.plist;
				LD_RUNPATH_SEARCH_PATHS = "$(inherited) @executable_path/Frameworks @loader_path/Frameworks";
				PRODUCT_BUNDLE_IDENTIFIER = Personal.HPPluginRepoUITests;
				PRODUCT_NAME = "$(TARGET_NAME)";
				SWIFT_VERSION = 4.0;
				TARGETED_DEVICE_FAMILY = "1,2";
				TEST_TARGET_NAME = HPPluginRepo;
			};
			name = Debug;
		};
		FFF662AE1FCFDB97007D30DD /* Release */ = {
			isa = XCBuildConfiguration;
			buildSettings = {
				ALWAYS_EMBED_SWIFT_STANDARD_LIBRARIES = YES;
				CODE_SIGN_STYLE = Automatic;
				DEVELOPMENT_TEAM = 8ZXHY2B6NF;
				INFOPLIST_FILE = HPPluginRepoUITests/Info.plist;
				LD_RUNPATH_SEARCH_PATHS = "$(inherited) @executable_path/Frameworks @loader_path/Frameworks";
				PRODUCT_BUNDLE_IDENTIFIER = Personal.HPPluginRepoUITests;
				PRODUCT_NAME = "$(TARGET_NAME)";
				SWIFT_VERSION = 4.0;
				TARGETED_DEVICE_FAMILY = "1,2";
				TEST_TARGET_NAME = HPPluginRepo;
			};
			name = Release;
		};
/* End XCBuildConfiguration section */

/* Begin XCConfigurationList section */
		FFF662761FCFDB96007D30DD /* Build configuration list for PBXProject "HPPluginRepo" */ = {
			isa = XCConfigurationList;
			buildConfigurations = (
				FFF662A41FCFDB97007D30DD /* Debug */,
				FFF662A51FCFDB97007D30DD /* Release */,
			);
			defaultConfigurationIsVisible = 0;
			defaultConfigurationName = Release;
		};
		FFF662A61FCFDB97007D30DD /* Build configuration list for PBXNativeTarget "HPPluginRepo" */ = {
			isa = XCConfigurationList;
			buildConfigurations = (
				FFF662A71FCFDB97007D30DD /* Debug */,
				FFF662A81FCFDB97007D30DD /* Release */,
			);
			defaultConfigurationIsVisible = 0;
			defaultConfigurationName = Release;
		};
		FFF662A91FCFDB97007D30DD /* Build configuration list for PBXNativeTarget "HPPluginRepoTests" */ = {
			isa = XCConfigurationList;
			buildConfigurations = (
				FFF662AA1FCFDB97007D30DD /* Debug */,
				FFF662AB1FCFDB97007D30DD /* Release */,
			);
			defaultConfigurationIsVisible = 0;
			defaultConfigurationName = Release;
		};
		FFF662AC1FCFDB97007D30DD /* Build configuration list for PBXNativeTarget "HPPluginRepoUITests" */ = {
			isa = XCConfigurationList;
			buildConfigurations = (
				FFF662AD1FCFDB97007D30DD /* Debug */,
				FFF662AE1FCFDB97007D30DD /* Release */,
			);
			defaultConfigurationIsVisible = 0;
			defaultConfigurationName = Release;
		};
/* End XCConfigurationList section */

/* Begin XCVersionGroup section */
		FFF726801FE7A5F9009F093A /* HPPluginRepo.xcdatamodeld */ = {
			isa = XCVersionGroup;
			children = (
				FFF726811FE7A5F9009F093A /* HPToolKit.xcdatamodel */,
			);
			currentVersion = FFF726811FE7A5F9009F093A /* HPToolKit.xcdatamodel */;
			path = HPPluginRepo.xcdatamodeld;
			sourceTree = "<group>";
			versionGroupType = wrapper.xcdatamodel;
		};
/* End XCVersionGroup section */
	};
	rootObject = FFF662731FCFDB96007D30DD /* Project object */;
}
